// !$*UTF8*$!
{
	archiveVersion = 1;
	classes = {
	};
	objectVersion = 46;
	objects = {

/* Begin PBXBuildFile section */
		2581840A1C3CBFF9008E200A /* OctoKit.framework in Frameworks */ = {isa = PBXBuildFile; fileRef = 258183E11C3CBFAD008E200A /* OctoKit.framework */; };
		2581840B1C3CBFF9008E200A /* OctoKit.framework in Embed Frameworks */ = {isa = PBXBuildFile; fileRef = 258183E11C3CBFAD008E200A /* OctoKit.framework */; settings = {ATTRIBUTES = (CodeSignOnCopy, RemoveHeadersOnCopy, ); }; };
		2581841B1C3CC06A008E200A /* RequestKit.framework in Frameworks */ = {isa = PBXBuildFile; fileRef = 258184181C3CC062008E200A /* RequestKit.framework */; };
		2581841C1C3CC06A008E200A /* RequestKit.framework in Embed Frameworks */ = {isa = PBXBuildFile; fileRef = 258184181C3CC062008E200A /* RequestKit.framework */; settings = {ATTRIBUTES = (CodeSignOnCopy, RemoveHeadersOnCopy, ); }; };
		258184351C3CC710008E200A /* State.swift in Sources */ = {isa = PBXBuildFile; fileRef = 258184341C3CC710008E200A /* State.swift */; };
		2581843A1C3CC912008E200A /* Routes.swift in Sources */ = {isa = PBXBuildFile; fileRef = 258184391C3CC912008E200A /* Routes.swift */; };
		25BB76211C3CB8CB008EA13B /* AppDelegate.swift in Sources */ = {isa = PBXBuildFile; fileRef = 25BB76201C3CB8CB008EA13B /* AppDelegate.swift */; };
		25BB76231C3CB8CB008EA13B /* LoginViewController.swift in Sources */ = {isa = PBXBuildFile; fileRef = 25BB76221C3CB8CB008EA13B /* LoginViewController.swift */; };
		25BB76261C3CB8CB008EA13B /* Main.storyboard in Resources */ = {isa = PBXBuildFile; fileRef = 25BB76241C3CB8CB008EA13B /* Main.storyboard */; };
		25BB76281C3CB8CB008EA13B /* Assets.xcassets in Resources */ = {isa = PBXBuildFile; fileRef = 25BB76271C3CB8CB008EA13B /* Assets.xcassets */; };
		25BB762B1C3CB8CB008EA13B /* LaunchScreen.storyboard in Resources */ = {isa = PBXBuildFile; fileRef = 25BB76291C3CB8CB008EA13B /* LaunchScreen.storyboard */; };
		25C00E991C3CD8E50074655A /* AuthenticationActions.swift in Sources */ = {isa = PBXBuildFile; fileRef = 25C00E981C3CD8E50074655A /* AuthenticationActions.swift */; };
		25C00E9C1C3CDAAC0074655A /* AuthenticationState.swift in Sources */ = {isa = PBXBuildFile; fileRef = 25C00E9B1C3CDAAC0074655A /* AuthenticationState.swift */; };
		25C00E9E1C3CDB5D0074655A /* AppReducer.swift in Sources */ = {isa = PBXBuildFile; fileRef = 25C00E9D1C3CDB5D0074655A /* AppReducer.swift */; };
		25C00EA01C3CDCA70074655A /* AuthenticationReducer.swift in Sources */ = {isa = PBXBuildFile; fileRef = 25C00E9F1C3CDCA70074655A /* AuthenticationReducer.swift */; };
		25C00EA21C3CDD1F0074655A /* GitHubAPIReducers.swift in Sources */ = {isa = PBXBuildFile; fileRef = 25C00EA11C3CDD1F0074655A /* GitHubAPIReducers.swift */; };
		25C00EA61C3CEDC50074655A /* Credentials.swift in Sources */ = {isa = PBXBuildFile; fileRef = 25C00EA51C3CEDC50074655A /* Credentials.swift */; };
		25C00EC81C3CEF480074655A /* SwiftFlow.framework in Embed Frameworks */ = {isa = PBXBuildFile; fileRef = 25C00EB21C3CEECA0074655A /* SwiftFlow.framework */; settings = {ATTRIBUTES = (CodeSignOnCopy, RemoveHeadersOnCopy, ); }; };
		25C00EC91C3CEF4E0074655A /* SwiftFlowRouter.framework in Embed Frameworks */ = {isa = PBXBuildFile; fileRef = 25C00EC51C3CEED80074655A /* SwiftFlowRouter.framework */; settings = {ATTRIBUTES = (CodeSignOnCopy, RemoveHeadersOnCopy, ); }; };
/* End PBXBuildFile section */

/* Begin PBXContainerItemProxy section */
		258183E01C3CBFAD008E200A /* PBXContainerItemProxy */ = {
			isa = PBXContainerItemProxy;
			containerPortal = 258183DB1C3CBFAD008E200A /* OctoKit.xcodeproj */;
			proxyType = 2;
			remoteGlobalIDString = 239BE7C91B8C47A100D2CE22;
			remoteInfo = OctoKit;
		};
		258183E21C3CBFAD008E200A /* PBXContainerItemProxy */ = {
			isa = PBXContainerItemProxy;
			containerPortal = 258183DB1C3CBFAD008E200A /* OctoKit.xcodeproj */;
			proxyType = 2;
			remoteGlobalIDString = 234F4BA91BDDE31A00A58EF7;
			remoteInfo = OctoKitTests;
		};
		2581840C1C3CBFF9008E200A /* PBXContainerItemProxy */ = {
			isa = PBXContainerItemProxy;
			containerPortal = 258183DB1C3CBFAD008E200A /* OctoKit.xcodeproj */;
			proxyType = 1;
			remoteGlobalIDString = 239BE7C81B8C47A100D2CE22;
			remoteInfo = OctoKit;
		};
		258184171C3CC062008E200A /* PBXContainerItemProxy */ = {
			isa = PBXContainerItemProxy;
			containerPortal = 258184121C3CC062008E200A /* RequestKit.xcodeproj */;
			proxyType = 2;
			remoteGlobalIDString = 234F4C1C1BDDF64300A58EF7;
			remoteInfo = RequestKit;
		};
		258184191C3CC062008E200A /* PBXContainerItemProxy */ = {
			isa = PBXContainerItemProxy;
			containerPortal = 258184121C3CC062008E200A /* RequestKit.xcodeproj */;
			proxyType = 2;
			remoteGlobalIDString = 234F4C261BDDF64300A58EF7;
			remoteInfo = RequestKitTests;
		};
		2581841D1C3CC06A008E200A /* PBXContainerItemProxy */ = {
			isa = PBXContainerItemProxy;
			containerPortal = 258184121C3CC062008E200A /* RequestKit.xcodeproj */;
			proxyType = 1;
			remoteGlobalIDString = 234F4C1B1BDDF64300A58EF7;
			remoteInfo = RequestKit;
		};
		25C00EB11C3CEECA0074655A /* PBXContainerItemProxy */ = {
			isa = PBXContainerItemProxy;
			containerPortal = 25C00EA71C3CEECA0074655A /* SwiftFlow.xcodeproj */;
			proxyType = 2;
			remoteGlobalIDString = 625E66831C1FF97E0027C288;
			remoteInfo = "SwiftFlow-iOS";
		};
		25C00EB31C3CEECA0074655A /* PBXContainerItemProxy */ = {
			isa = PBXContainerItemProxy;
			containerPortal = 25C00EA71C3CEECA0074655A /* SwiftFlow.xcodeproj */;
			proxyType = 2;
			remoteGlobalIDString = 625E669A1C1FFA3C0027C288;
			remoteInfo = "SwiftFlow-iOSTests";
		};
		25C00EB51C3CEECA0074655A /* PBXContainerItemProxy */ = {
			isa = PBXContainerItemProxy;
			containerPortal = 25C00EA71C3CEECA0074655A /* SwiftFlow.xcodeproj */;
			proxyType = 2;
			remoteGlobalIDString = 25DBCF7B1C30C4AA00D63A58;
			remoteInfo = "SwiftFlow-OSX";
		};
		25C00EB71C3CEECA0074655A /* PBXContainerItemProxy */ = {
			isa = PBXContainerItemProxy;
			containerPortal = 25C00EA71C3CEECA0074655A /* SwiftFlow.xcodeproj */;
			proxyType = 2;
			remoteGlobalIDString = 25DBCF871C30C4DB00D63A58;
			remoteInfo = "SwiftFlow-OSXTests";
		};
		25C00EB91C3CEECA0074655A /* PBXContainerItemProxy */ = {
			isa = PBXContainerItemProxy;
			containerPortal = 25C00EA71C3CEECA0074655A /* SwiftFlow.xcodeproj */;
			proxyType = 2;
			remoteGlobalIDString = 25DBCF4E1C30C18D00D63A58;
			remoteInfo = "SwiftFlow-tvOS";
		};
		25C00EBB1C3CEECA0074655A /* PBXContainerItemProxy */ = {
			isa = PBXContainerItemProxy;
			containerPortal = 25C00EA71C3CEECA0074655A /* SwiftFlow.xcodeproj */;
			proxyType = 2;
			remoteGlobalIDString = 25DBCF641C30C1AC00D63A58;
			remoteInfo = "SwiftFlow-tvOSTests";
		};
		25C00EBD1C3CEECA0074655A /* PBXContainerItemProxy */ = {
			isa = PBXContainerItemProxy;
			containerPortal = 25C00EA71C3CEECA0074655A /* SwiftFlow.xcodeproj */;
			proxyType = 2;
			remoteGlobalIDString = 25DBCF371C30BF2B00D63A58;
			remoteInfo = "SwiftFlow-watchOS";
		};
		25C00EC41C3CEED80074655A /* PBXContainerItemProxy */ = {
			isa = PBXContainerItemProxy;
			containerPortal = 25C00EBF1C3CEED80074655A /* SwiftFlowRouter.xcodeproj */;
			proxyType = 2;
			remoteGlobalIDString = 625E66CD1C1FFE280027C288;
			remoteInfo = SwiftFlowRouter;
		};
		25C00EC61C3CEED80074655A /* PBXContainerItemProxy */ = {
			isa = PBXContainerItemProxy;
			containerPortal = 25C00EBF1C3CEED80074655A /* SwiftFlowRouter.xcodeproj */;
			proxyType = 2;
			remoteGlobalIDString = 625E66F11C2000EA0027C288;
			remoteInfo = SwiftFlowRouterTests;
		};
/* End PBXContainerItemProxy section */

/* Begin PBXCopyFilesBuildPhase section */
		25BB76431C3CBE6E008EA13B /* Embed Frameworks */ = {
			isa = PBXCopyFilesBuildPhase;
			buildActionMask = 2147483647;
			dstPath = "";
			dstSubfolderSpec = 10;
			files = (
				25C00EC91C3CEF4E0074655A /* SwiftFlowRouter.framework in Embed Frameworks */,
				25C00EC81C3CEF480074655A /* SwiftFlow.framework in Embed Frameworks */,
				2581841C1C3CC06A008E200A /* RequestKit.framework in Embed Frameworks */,
				2581840B1C3CBFF9008E200A /* OctoKit.framework in Embed Frameworks */,
			);
			name = "Embed Frameworks";
			runOnlyForDeploymentPostprocessing = 0;
		};
/* End PBXCopyFilesBuildPhase section */

/* Begin PBXFileReference section */
		258183DB1C3CBFAD008E200A /* OctoKit.xcodeproj */ = {isa = PBXFileReference; lastKnownFileType = "wrapper.pb-project"; name = OctoKit.xcodeproj; path = Carthage/Checkouts/octokit.swift/OctoKit.xcodeproj; sourceTree = SOURCE_ROOT; };
		258184121C3CC062008E200A /* RequestKit.xcodeproj */ = {isa = PBXFileReference; lastKnownFileType = "wrapper.pb-project"; name = RequestKit.xcodeproj; path = Carthage/Checkouts/RequestKit/RequestKit.xcodeproj; sourceTree = SOURCE_ROOT; };
		258184341C3CC710008E200A /* State.swift */ = {isa = PBXFileReference; fileEncoding = 4; lastKnownFileType = sourcecode.swift; path = State.swift; sourceTree = "<group>"; };
		258184391C3CC912008E200A /* Routes.swift */ = {isa = PBXFileReference; fileEncoding = 4; lastKnownFileType = sourcecode.swift; path = Routes.swift; sourceTree = "<group>"; };
		25BB761D1C3CB8CB008EA13B /* SwiftFlowGitHubBrowser.app */ = {isa = PBXFileReference; explicitFileType = wrapper.application; includeInIndex = 0; path = SwiftFlowGitHubBrowser.app; sourceTree = BUILT_PRODUCTS_DIR; };
		25BB76201C3CB8CB008EA13B /* AppDelegate.swift */ = {isa = PBXFileReference; lastKnownFileType = sourcecode.swift; path = AppDelegate.swift; sourceTree = "<group>"; };
		25BB76221C3CB8CB008EA13B /* LoginViewController.swift */ = {isa = PBXFileReference; lastKnownFileType = sourcecode.swift; path = LoginViewController.swift; sourceTree = "<group>"; };
		25BB76251C3CB8CB008EA13B /* Base */ = {isa = PBXFileReference; lastKnownFileType = file.storyboard; name = Base; path = Base.lproj/Main.storyboard; sourceTree = "<group>"; };
		25BB76271C3CB8CB008EA13B /* Assets.xcassets */ = {isa = PBXFileReference; lastKnownFileType = folder.assetcatalog; path = Assets.xcassets; sourceTree = "<group>"; };
		25BB762A1C3CB8CB008EA13B /* Base */ = {isa = PBXFileReference; lastKnownFileType = file.storyboard; name = Base; path = Base.lproj/LaunchScreen.storyboard; sourceTree = "<group>"; };
		25BB762C1C3CB8CB008EA13B /* Info.plist */ = {isa = PBXFileReference; lastKnownFileType = text.plist.xml; path = Info.plist; sourceTree = "<group>"; };
		25C00E981C3CD8E50074655A /* AuthenticationActions.swift */ = {isa = PBXFileReference; fileEncoding = 4; lastKnownFileType = sourcecode.swift; path = AuthenticationActions.swift; sourceTree = "<group>"; };
		25C00E9B1C3CDAAC0074655A /* AuthenticationState.swift */ = {isa = PBXFileReference; fileEncoding = 4; lastKnownFileType = sourcecode.swift; path = AuthenticationState.swift; sourceTree = "<group>"; };
		25C00E9D1C3CDB5D0074655A /* AppReducer.swift */ = {isa = PBXFileReference; fileEncoding = 4; lastKnownFileType = sourcecode.swift; path = AppReducer.swift; sourceTree = "<group>"; };
		25C00E9F1C3CDCA70074655A /* AuthenticationReducer.swift */ = {isa = PBXFileReference; fileEncoding = 4; lastKnownFileType = sourcecode.swift; path = AuthenticationReducer.swift; sourceTree = "<group>"; };
		25C00EA11C3CDD1F0074655A /* GitHubAPIReducers.swift */ = {isa = PBXFileReference; fileEncoding = 4; lastKnownFileType = sourcecode.swift; path = GitHubAPIReducers.swift; sourceTree = "<group>"; };
		25C00EA51C3CEDC50074655A /* Credentials.swift */ = {isa = PBXFileReference; fileEncoding = 4; lastKnownFileType = sourcecode.swift; path = Credentials.swift; sourceTree = "<group>"; };
		25C00EA71C3CEECA0074655A /* SwiftFlow.xcodeproj */ = {isa = PBXFileReference; lastKnownFileType = "wrapper.pb-project"; name = SwiftFlow.xcodeproj; path = "Dependencies/Swift-Flow/SwiftFlow.xcodeproj"; sourceTree = SOURCE_ROOT; };
		25C00EBF1C3CEED80074655A /* SwiftFlowRouter.xcodeproj */ = {isa = PBXFileReference; lastKnownFileType = "wrapper.pb-project"; name = SwiftFlowRouter.xcodeproj; path = "Dependencies/Swift-Flow-Router/SwiftFlowRouter.xcodeproj"; sourceTree = SOURCE_ROOT; };
/* End PBXFileReference section */

/* Begin PBXFrameworksBuildPhase section */
		25BB761A1C3CB8CB008EA13B /* Frameworks */ = {
			isa = PBXFrameworksBuildPhase;
			buildActionMask = 2147483647;
			files = (
				2581841B1C3CC06A008E200A /* RequestKit.framework in Frameworks */,
				2581840A1C3CBFF9008E200A /* OctoKit.framework in Frameworks */,
			);
			runOnlyForDeploymentPostprocessing = 0;
		};
/* End PBXFrameworksBuildPhase section */

/* Begin PBXGroup section */
		258183DC1C3CBFAD008E200A /* Products */ = {
			isa = PBXGroup;
			children = (
				258183E11C3CBFAD008E200A /* OctoKit.framework */,
				258183E31C3CBFAD008E200A /* OctoKitTests.xctest */,
			);
			name = Products;
			sourceTree = "<group>";
		};
		258184131C3CC062008E200A /* Products */ = {
			isa = PBXGroup;
			children = (
				258184181C3CC062008E200A /* RequestKit.framework */,
				2581841A1C3CC062008E200A /* RequestKitTests.xctest */,
			);
			name = Products;
			sourceTree = "<group>";
		};
		258184331C3CC6F2008E200A /* State */ = {
			isa = PBXGroup;
			children = (
				258184341C3CC710008E200A /* State.swift */,
				25C00E9B1C3CDAAC0074655A /* AuthenticationState.swift */,
			);
			path = State;
			sourceTree = "<group>";
		};
		258184381C3CC8FA008E200A /* Routes */ = {
			isa = PBXGroup;
			children = (
				258184391C3CC912008E200A /* Routes.swift */,
			);
			path = Routes;
			sourceTree = "<group>";
		};
		25BB76141C3CB8CB008EA13B = {
			isa = PBXGroup;
			children = (
				25BB761F1C3CB8CB008EA13B /* SwiftFlowGitHubBrowser */,
				25BB761E1C3CB8CB008EA13B /* Products */,
			);
			sourceTree = "<group>";
		};
		25BB761E1C3CB8CB008EA13B /* Products */ = {
			isa = PBXGroup;
			children = (
				25BB761D1C3CB8CB008EA13B /* SwiftFlowGitHubBrowser.app */,
			);
			name = Products;
			sourceTree = "<group>";
		};
		25BB761F1C3CB8CB008EA13B /* SwiftFlowGitHubBrowser */ = {
			isa = PBXGroup;
			children = (
				25C00EA41C3CEDBB0074655A /* GitHubAuth */,
				25C00E9A1C3CDA340074655A /* Reducers */,
				25C00E8E1C3CD8BE0074655A /* Actions */,
				258184381C3CC8FA008E200A /* Routes */,
				258184331C3CC6F2008E200A /* State */,
				25BB76321C3CBA99008EA13B /* Dependencies */,
				25BB76201C3CB8CB008EA13B /* AppDelegate.swift */,
				25BB76221C3CB8CB008EA13B /* LoginViewController.swift */,
				25BB76241C3CB8CB008EA13B /* Main.storyboard */,
				25BB76271C3CB8CB008EA13B /* Assets.xcassets */,
				25BB76291C3CB8CB008EA13B /* LaunchScreen.storyboard */,
				25BB762C1C3CB8CB008EA13B /* Info.plist */,
			);
			path = SwiftFlowGitHubBrowser;
			sourceTree = "<group>";
		};
		25BB76321C3CBA99008EA13B /* Dependencies */ = {
			isa = PBXGroup;
			children = (
				25C00EA71C3CEECA0074655A /* SwiftFlow.xcodeproj */,
				25C00EBF1C3CEED80074655A /* SwiftFlowRouter.xcodeproj */,
				258184121C3CC062008E200A /* RequestKit.xcodeproj */,
				258183DB1C3CBFAD008E200A /* OctoKit.xcodeproj */,
			);
			name = Dependencies;
			sourceTree = "<group>";
		};
		25C00E8E1C3CD8BE0074655A /* Actions */ = {
			isa = PBXGroup;
			children = (
				25C00E981C3CD8E50074655A /* AuthenticationActions.swift */,
			);
			path = Actions;
			sourceTree = "<group>";
		};
		25C00E9A1C3CDA340074655A /* Reducers */ = {
			isa = PBXGroup;
			children = (
				25C00E9D1C3CDB5D0074655A /* AppReducer.swift */,
				25C00E9F1C3CDCA70074655A /* AuthenticationReducer.swift */,
				25C00EA11C3CDD1F0074655A /* GitHubAPIReducers.swift */,
			);
			name = Reducers;
			sourceTree = "<group>";
		};
		25C00EA41C3CEDBB0074655A /* GitHubAuth */ = {
			isa = PBXGroup;
			children = (
				25C00EA51C3CEDC50074655A /* Credentials.swift */,
			);
			path = GitHubAuth;
			sourceTree = "<group>";
		};
		25C00EA81C3CEECA0074655A /* Products */ = {
			isa = PBXGroup;
			children = (
				25C00EB21C3CEECA0074655A /* SwiftFlow.framework */,
				25C00EB41C3CEECA0074655A /* SwiftFlow-iOSTests.xctest */,
				25C00EB61C3CEECA0074655A /* SwiftFlow.framework */,
				25C00EB81C3CEECA0074655A /* SwiftFlow-OSXTests.xctest */,
				25C00EBA1C3CEECA0074655A /* SwiftFlow.framework */,
				25C00EBC1C3CEECA0074655A /* SwiftFlow-tvOSTests.xctest */,
				25C00EBE1C3CEECA0074655A /* SwiftFlow.framework */,
			);
			name = Products;
			sourceTree = "<group>";
		};
		25C00EC01C3CEED80074655A /* Products */ = {
			isa = PBXGroup;
			children = (
				25C00EC51C3CEED80074655A /* SwiftFlowRouter.framework */,
				25C00EC71C3CEED80074655A /* SwiftFlowRouterTests.xctest */,
			);
			name = Products;
			sourceTree = "<group>";
		};
/* End PBXGroup section */

/* Begin PBXNativeTarget section */
		25BB761C1C3CB8CB008EA13B /* SwiftFlowGitHubBrowser */ = {
			isa = PBXNativeTarget;
			buildConfigurationList = 25BB762F1C3CB8CB008EA13B /* Build configuration list for PBXNativeTarget "SwiftFlowGitHubBrowser" */;
			buildPhases = (
				25BB76191C3CB8CB008EA13B /* Sources */,
				25BB761A1C3CB8CB008EA13B /* Frameworks */,
				25BB761B1C3CB8CB008EA13B /* Resources */,
				25BB76431C3CBE6E008EA13B /* Embed Frameworks */,
			);
			buildRules = (
			);
			dependencies = (
				2581840D1C3CBFF9008E200A /* PBXTargetDependency */,
				2581841E1C3CC06A008E200A /* PBXTargetDependency */,
			);
			name = SwiftFlowGitHubBrowser;
			productName = SwiftFlowGitHubBrowser;
			productReference = 25BB761D1C3CB8CB008EA13B /* SwiftFlowGitHubBrowser.app */;
			productType = "com.apple.product-type.application";
		};
/* End PBXNativeTarget section */

/* Begin PBXProject section */
		25BB76151C3CB8CB008EA13B /* Project object */ = {
			isa = PBXProject;
			attributes = {
				LastSwiftUpdateCheck = 0720;
				LastUpgradeCheck = 0720;
				ORGANIZATIONNAME = "Benji Encz";
				TargetAttributes = {
					25BB761C1C3CB8CB008EA13B = {
						CreatedOnToolsVersion = 7.2;
					};
				};
			};
			buildConfigurationList = 25BB76181C3CB8CB008EA13B /* Build configuration list for PBXProject "SwiftFlowGitHubBrowser" */;
			compatibilityVersion = "Xcode 3.2";
			developmentRegion = English;
			hasScannedForEncodings = 0;
			knownRegions = (
				en,
				Base,
			);
			mainGroup = 25BB76141C3CB8CB008EA13B;
			productRefGroup = 25BB761E1C3CB8CB008EA13B /* Products */;
			projectDirPath = "";
			projectReferences = (
				{
					ProductGroup = 258183DC1C3CBFAD008E200A /* Products */;
					ProjectRef = 258183DB1C3CBFAD008E200A /* OctoKit.xcodeproj */;
				},
				{
					ProductGroup = 258184131C3CC062008E200A /* Products */;
					ProjectRef = 258184121C3CC062008E200A /* RequestKit.xcodeproj */;
				},
				{
					ProductGroup = 25C00EA81C3CEECA0074655A /* Products */;
					ProjectRef = 25C00EA71C3CEECA0074655A /* SwiftFlow.xcodeproj */;
				},
				{
					ProductGroup = 25C00EC01C3CEED80074655A /* Products */;
					ProjectRef = 25C00EBF1C3CEED80074655A /* SwiftFlowRouter.xcodeproj */;
				},
			);
			projectRoot = "";
			targets = (
				25BB761C1C3CB8CB008EA13B /* SwiftFlowGitHubBrowser */,
			);
		};
/* End PBXProject section */

/* Begin PBXReferenceProxy section */
		258183E11C3CBFAD008E200A /* OctoKit.framework */ = {
			isa = PBXReferenceProxy;
			fileType = wrapper.framework;
			path = OctoKit.framework;
			remoteRef = 258183E01C3CBFAD008E200A /* PBXContainerItemProxy */;
			sourceTree = BUILT_PRODUCTS_DIR;
		};
		258183E31C3CBFAD008E200A /* OctoKitTests.xctest */ = {
			isa = PBXReferenceProxy;
			fileType = wrapper.cfbundle;
			path = OctoKitTests.xctest;
			remoteRef = 258183E21C3CBFAD008E200A /* PBXContainerItemProxy */;
			sourceTree = BUILT_PRODUCTS_DIR;
		};
		258184181C3CC062008E200A /* RequestKit.framework */ = {
			isa = PBXReferenceProxy;
			fileType = wrapper.framework;
			path = RequestKit.framework;
			remoteRef = 258184171C3CC062008E200A /* PBXContainerItemProxy */;
			sourceTree = BUILT_PRODUCTS_DIR;
		};
		2581841A1C3CC062008E200A /* RequestKitTests.xctest */ = {
			isa = PBXReferenceProxy;
			fileType = wrapper.cfbundle;
			path = RequestKitTests.xctest;
			remoteRef = 258184191C3CC062008E200A /* PBXContainerItemProxy */;
			sourceTree = BUILT_PRODUCTS_DIR;
		};
		25C00EB21C3CEECA0074655A /* SwiftFlow.framework */ = {
			isa = PBXReferenceProxy;
			fileType = wrapper.framework;
			path = SwiftFlow.framework;
			remoteRef = 25C00EB11C3CEECA0074655A /* PBXContainerItemProxy */;
			sourceTree = BUILT_PRODUCTS_DIR;
		};
		25C00EB41C3CEECA0074655A /* SwiftFlow-iOSTests.xctest */ = {
			isa = PBXReferenceProxy;
			fileType = wrapper.cfbundle;
			path = "SwiftFlow-iOSTests.xctest";
			remoteRef = 25C00EB31C3CEECA0074655A /* PBXContainerItemProxy */;
			sourceTree = BUILT_PRODUCTS_DIR;
		};
		25C00EB61C3CEECA0074655A /* SwiftFlow.framework */ = {
			isa = PBXReferenceProxy;
			fileType = wrapper.framework;
			path = SwiftFlow.framework;
			remoteRef = 25C00EB51C3CEECA0074655A /* PBXContainerItemProxy */;
			sourceTree = BUILT_PRODUCTS_DIR;
		};
		25C00EB81C3CEECA0074655A /* SwiftFlow-OSXTests.xctest */ = {
			isa = PBXReferenceProxy;
			fileType = wrapper.cfbundle;
			path = "SwiftFlow-OSXTests.xctest";
			remoteRef = 25C00EB71C3CEECA0074655A /* PBXContainerItemProxy */;
			sourceTree = BUILT_PRODUCTS_DIR;
		};
		25C00EBA1C3CEECA0074655A /* SwiftFlow.framework */ = {
			isa = PBXReferenceProxy;
			fileType = wrapper.framework;
			path = SwiftFlow.framework;
			remoteRef = 25C00EB91C3CEECA0074655A /* PBXContainerItemProxy */;
			sourceTree = BUILT_PRODUCTS_DIR;
		};
		25C00EBC1C3CEECA0074655A /* SwiftFlow-tvOSTests.xctest */ = {
			isa = PBXReferenceProxy;
			fileType = wrapper.cfbundle;
			path = "SwiftFlow-tvOSTests.xctest";
			remoteRef = 25C00EBB1C3CEECA0074655A /* PBXContainerItemProxy */;
			sourceTree = BUILT_PRODUCTS_DIR;
		};
		25C00EBE1C3CEECA0074655A /* SwiftFlow.framework */ = {
			isa = PBXReferenceProxy;
			fileType = wrapper.framework;
			path = SwiftFlow.framework;
			remoteRef = 25C00EBD1C3CEECA0074655A /* PBXContainerItemProxy */;
			sourceTree = BUILT_PRODUCTS_DIR;
		};
		25C00EC51C3CEED80074655A /* SwiftFlowRouter.framework */ = {
			isa = PBXReferenceProxy;
			fileType = wrapper.framework;
			path = SwiftFlowRouter.framework;
			remoteRef = 25C00EC41C3CEED80074655A /* PBXContainerItemProxy */;
			sourceTree = BUILT_PRODUCTS_DIR;
		};
		25C00EC71C3CEED80074655A /* SwiftFlowRouterTests.xctest */ = {
			isa = PBXReferenceProxy;
			fileType = wrapper.cfbundle;
			path = SwiftFlowRouterTests.xctest;
			remoteRef = 25C00EC61C3CEED80074655A /* PBXContainerItemProxy */;
			sourceTree = BUILT_PRODUCTS_DIR;
		};
/* End PBXReferenceProxy section */

/* Begin PBXResourcesBuildPhase section */
		25BB761B1C3CB8CB008EA13B /* Resources */ = {
			isa = PBXResourcesBuildPhase;
			buildActionMask = 2147483647;
			files = (
				25BB762B1C3CB8CB008EA13B /* LaunchScreen.storyboard in Resources */,
				25BB76281C3CB8CB008EA13B /* Assets.xcassets in Resources */,
				25BB76261C3CB8CB008EA13B /* Main.storyboard in Resources */,
			);
			runOnlyForDeploymentPostprocessing = 0;
		};
/* End PBXResourcesBuildPhase section */

/* Begin PBXSourcesBuildPhase section */
		25BB76191C3CB8CB008EA13B /* Sources */ = {
			isa = PBXSourcesBuildPhase;
			buildActionMask = 2147483647;
			files = (
				25C00EA01C3CDCA70074655A /* AuthenticationReducer.swift in Sources */,
				25BB76231C3CB8CB008EA13B /* LoginViewController.swift in Sources */,
				25C00EA61C3CEDC50074655A /* Credentials.swift in Sources */,
				25C00E9C1C3CDAAC0074655A /* AuthenticationState.swift in Sources */,
				25C00E9E1C3CDB5D0074655A /* AppReducer.swift in Sources */,
				25C00E991C3CD8E50074655A /* AuthenticationActions.swift in Sources */,
				2581843A1C3CC912008E200A /* Routes.swift in Sources */,
				25C00EA21C3CDD1F0074655A /* GitHubAPIReducers.swift in Sources */,
				25BB76211C3CB8CB008EA13B /* AppDelegate.swift in Sources */,
				258184351C3CC710008E200A /* State.swift in Sources */,
			);
			runOnlyForDeploymentPostprocessing = 0;
		};
/* End PBXSourcesBuildPhase section */

/* Begin PBXTargetDependency section */
		2581840D1C3CBFF9008E200A /* PBXTargetDependency */ = {
			isa = PBXTargetDependency;
			name = OctoKit;
			targetProxy = 2581840C1C3CBFF9008E200A /* PBXContainerItemProxy */;
		};
		2581841E1C3CC06A008E200A /* PBXTargetDependency */ = {
			isa = PBXTargetDependency;
			name = RequestKit;
			targetProxy = 2581841D1C3CC06A008E200A /* PBXContainerItemProxy */;
		};
/* End PBXTargetDependency section */

/* Begin PBXVariantGroup section */
		25BB76241C3CB8CB008EA13B /* Main.storyboard */ = {
			isa = PBXVariantGroup;
			children = (
				25BB76251C3CB8CB008EA13B /* Base */,
			);
			name = Main.storyboard;
			sourceTree = "<group>";
		};
		25BB76291C3CB8CB008EA13B /* LaunchScreen.storyboard */ = {
			isa = PBXVariantGroup;
			children = (
				25BB762A1C3CB8CB008EA13B /* Base */,
			);
			name = LaunchScreen.storyboard;
			sourceTree = "<group>";
		};
/* End PBXVariantGroup section */

/* Begin XCBuildConfiguration section */
		25BB762D1C3CB8CB008EA13B /* Debug */ = {
			isa = XCBuildConfiguration;
			buildSettings = {
				ALWAYS_SEARCH_USER_PATHS = NO;
				CLANG_CXX_LANGUAGE_STANDARD = "gnu++0x";
				CLANG_CXX_LIBRARY = "libc++";
				CLANG_ENABLE_MODULES = YES;
				CLANG_ENABLE_OBJC_ARC = YES;
				CLANG_WARN_BOOL_CONVERSION = YES;
				CLANG_WARN_CONSTANT_CONVERSION = YES;
				CLANG_WARN_DIRECT_OBJC_ISA_USAGE = YES_ERROR;
				CLANG_WARN_EMPTY_BODY = YES;
				CLANG_WARN_ENUM_CONVERSION = YES;
				CLANG_WARN_INT_CONVERSION = YES;
				CLANG_WARN_OBJC_ROOT_CLASS = YES_ERROR;
				CLANG_WARN_UNREACHABLE_CODE = YES;
				CLANG_WARN__DUPLICATE_METHOD_MATCH = YES;
				"CODE_SIGN_IDENTITY[sdk=iphoneos*]" = "iPhone Developer";
				COPY_PHASE_STRIP = NO;
				DEBUG_INFORMATION_FORMAT = dwarf;
				ENABLE_STRICT_OBJC_MSGSEND = YES;
				ENABLE_TESTABILITY = YES;
				GCC_C_LANGUAGE_STANDARD = gnu99;
				GCC_DYNAMIC_NO_PIC = NO;
				GCC_NO_COMMON_BLOCKS = YES;
				GCC_OPTIMIZATION_LEVEL = 0;
				GCC_PREPROCESSOR_DEFINITIONS = (
					"DEBUG=1",
					"$(inherited)",
				);
				GCC_WARN_64_TO_32_BIT_CONVERSION = YES;
				GCC_WARN_ABOUT_RETURN_TYPE = YES_ERROR;
				GCC_WARN_UNDECLARED_SELECTOR = YES;
				GCC_WARN_UNINITIALIZED_AUTOS = YES_AGGRESSIVE;
				GCC_WARN_UNUSED_FUNCTION = YES;
				GCC_WARN_UNUSED_VARIABLE = YES;
				IPHONEOS_DEPLOYMENT_TARGET = 9.2;
				MTL_ENABLE_DEBUG_INFO = YES;
				ONLY_ACTIVE_ARCH = YES;
				SDKROOT = iphoneos;
				SWIFT_OPTIMIZATION_LEVEL = "-Onone";
				TARGETED_DEVICE_FAMILY = "1,2";
			};
			name = Debug;
		};
		25BB762E1C3CB8CB008EA13B /* Release */ = {
			isa = XCBuildConfiguration;
			buildSettings = {
				ALWAYS_SEARCH_USER_PATHS = NO;
				CLANG_CXX_LANGUAGE_STANDARD = "gnu++0x";
				CLANG_CXX_LIBRARY = "libc++";
				CLANG_ENABLE_MODULES = YES;
				CLANG_ENABLE_OBJC_ARC = YES;
				CLANG_WARN_BOOL_CONVERSION = YES;
				CLANG_WARN_CONSTANT_CONVERSION = YES;
				CLANG_WARN_DIRECT_OBJC_ISA_USAGE = YES_ERROR;
				CLANG_WARN_EMPTY_BODY = YES;
				CLANG_WARN_ENUM_CONVERSION = YES;
				CLANG_WARN_INT_CONVERSION = YES;
				CLANG_WARN_OBJC_ROOT_CLASS = YES_ERROR;
				CLANG_WARN_UNREACHABLE_CODE = YES;
				CLANG_WARN__DUPLICATE_METHOD_MATCH = YES;
				"CODE_SIGN_IDENTITY[sdk=iphoneos*]" = "iPhone Developer";
				COPY_PHASE_STRIP = NO;
				DEBUG_INFORMATION_FORMAT = "dwarf-with-dsym";
				ENABLE_NS_ASSERTIONS = NO;
				ENABLE_STRICT_OBJC_MSGSEND = YES;
				GCC_C_LANGUAGE_STANDARD = gnu99;
				GCC_NO_COMMON_BLOCKS = YES;
				GCC_WARN_64_TO_32_BIT_CONVERSION = YES;
				GCC_WARN_ABOUT_RETURN_TYPE = YES_ERROR;
				GCC_WARN_UNDECLARED_SELECTOR = YES;
				GCC_WARN_UNINITIALIZED_AUTOS = YES_AGGRESSIVE;
				GCC_WARN_UNUSED_FUNCTION = YES;
				GCC_WARN_UNUSED_VARIABLE = YES;
				IPHONEOS_DEPLOYMENT_TARGET = 9.2;
				MTL_ENABLE_DEBUG_INFO = NO;
				SDKROOT = iphoneos;
				TARGETED_DEVICE_FAMILY = "1,2";
				VALIDATE_PRODUCT = YES;
			};
			name = Release;
		};
		25BB76301C3CB8CB008EA13B /* Debug */ = {
			isa = XCBuildConfiguration;
			buildSettings = {
				ASSETCATALOG_COMPILER_APPICON_NAME = AppIcon;
				EMBEDDED_CONTENT_CONTAINS_SWIFT = YES;
				FRAMEWORK_SEARCH_PATHS = (
					"$(inherited)",
					"$(PROJECT_DIR)/Carthage/Build/iOS",
					"$(PROJECT_DIR)/Carthage/Checkouts/Swift-Flow-Router/Carthage/Checkouts/Swift-Flow/build/Debug-iphoneos",
				);
				INFOPLIST_FILE = SwiftFlowGitHubBrowser/Info.plist;
				LD_RUNPATH_SEARCH_PATHS = "$(inherited) @executable_path/Frameworks";
				PRODUCT_BUNDLE_IDENTIFIER = "Swift-Flow.SwiftFlowGitHubBrowser";
				PRODUCT_NAME = "$(TARGET_NAME)";
			};
			name = Debug;
		};
		25BB76311C3CB8CB008EA13B /* Release */ = {
			isa = XCBuildConfiguration;
			buildSettings = {
				ASSETCATALOG_COMPILER_APPICON_NAME = AppIcon;
				EMBEDDED_CONTENT_CONTAINS_SWIFT = YES;
				FRAMEWORK_SEARCH_PATHS = (
					"$(inherited)",
					"$(PROJECT_DIR)/Carthage/Build/iOS",
					"$(PROJECT_DIR)/Carthage/Checkouts/Swift-Flow-Router/Carthage/Checkouts/Swift-Flow/build/Debug-iphoneos",
				);
				INFOPLIST_FILE = SwiftFlowGitHubBrowser/Info.plist;
				LD_RUNPATH_SEARCH_PATHS = "$(inherited) @executable_path/Frameworks";
				PRODUCT_BUNDLE_IDENTIFIER = "Swift-Flow.SwiftFlowGitHubBrowser";
				PRODUCT_NAME = "$(TARGET_NAME)";
			};
			name = Release;
		};
/* End XCBuildConfiguration section */

/* Begin XCConfigurationList section */
		25BB76181C3CB8CB008EA13B /* Build configuration list for PBXProject "SwiftFlowGitHubBrowser" */ = {
			isa = XCConfigurationList;
			buildConfigurations = (
				25BB762D1C3CB8CB008EA13B /* Debug */,
				25BB762E1C3CB8CB008EA13B /* Release */,
			);
			defaultConfigurationIsVisible = 0;
			defaultConfigurationName = Release;
		};
		25BB762F1C3CB8CB008EA13B /* Build configuration list for PBXNativeTarget "SwiftFlowGitHubBrowser" */ = {
			isa = XCConfigurationList;
			buildConfigurations = (
				25BB76301C3CB8CB008EA13B /* Debug */,
				25BB76311C3CB8CB008EA13B /* Release */,
			);
			defaultConfigurationIsVisible = 0;
			defaultConfigurationName = Release;
		};
/* End XCConfigurationList section */
	};
	rootObject = 25BB76151C3CB8CB008EA13B /* Project object */;
}
