// !$*UTF8*$!
{
	archiveVersion = 1;
	classes = {
	};
	objectVersion = 46;
	objects = {

/* Begin PBXBuildFile section */
		251A75DC1C94F92900EBEB32 /* BookmarkViewController.swift in Sources */ = {isa = PBXBuildFile; fileRef = 251A75DB1C94F92900EBEB32 /* BookmarkViewController.swift */; };
		2532E8F61C8F8BFB003F5392 /* BookmarkActions.swift in Sources */ = {isa = PBXBuildFile; fileRef = 2532E8F51C8F8BFB003F5392 /* BookmarkActions.swift */; };
		254B3B951D3ABBFF00B1E4F0 /* OctoKit.framework in Frameworks */ = {isa = PBXBuildFile; fileRef = 254B3B881D3ABBCE00B1E4F0 /* OctoKit.framework */; };
		254B3B961D3ABBFF00B1E4F0 /* OctoKit.framework in Embed Frameworks */ = {isa = PBXBuildFile; fileRef = 254B3B881D3ABBCE00B1E4F0 /* OctoKit.framework */; settings = {ATTRIBUTES = (CodeSignOnCopy, RemoveHeadersOnCopy, ); }; };
		254B3B991D3ABC0400B1E4F0 /* RequestKit.framework in Frameworks */ = {isa = PBXBuildFile; fileRef = 254B3B701D3ABBC400B1E4F0 /* RequestKit.framework */; };
		254B3B9A1D3ABC0400B1E4F0 /* RequestKit.framework in Embed Frameworks */ = {isa = PBXBuildFile; fileRef = 254B3B701D3ABBC400B1E4F0 /* RequestKit.framework */; settings = {ATTRIBUTES = (CodeSignOnCopy, RemoveHeadersOnCopy, ); }; };
		254B3B9D1D3ABC0A00B1E4F0 /* ReSwift.framework in Frameworks */ = {isa = PBXBuildFile; fileRef = 254B3B581D3ABBB400B1E4F0 /* ReSwift.framework */; };
		254B3B9E1D3ABC0A00B1E4F0 /* ReSwift.framework in Embed Frameworks */ = {isa = PBXBuildFile; fileRef = 254B3B581D3ABBB400B1E4F0 /* ReSwift.framework */; settings = {ATTRIBUTES = (CodeSignOnCopy, RemoveHeadersOnCopy, ); }; };
		254B3BA11D3ABC1300B1E4F0 /* ReSwiftRouter.framework in Frameworks */ = {isa = PBXBuildFile; fileRef = 254B3B401D3ABBAB00B1E4F0 /* ReSwiftRouter.framework */; };
		254B3BA21D3ABC1300B1E4F0 /* ReSwiftRouter.framework in Embed Frameworks */ = {isa = PBXBuildFile; fileRef = 254B3B401D3ABBAB00B1E4F0 /* ReSwiftRouter.framework */; settings = {ATTRIBUTES = (CodeSignOnCopy, RemoveHeadersOnCopy, ); }; };
		254B3BA51D3ABC1E00B1E4F0 /* SSKeychain.framework in Frameworks */ = {isa = PBXBuildFile; fileRef = 254B3B251D3ABB9400B1E4F0 /* SSKeychain.framework */; };
		254B3BA61D3ABC1E00B1E4F0 /* SSKeychain.framework in Embed Frameworks */ = {isa = PBXBuildFile; fileRef = 254B3B251D3ABB9400B1E4F0 /* SSKeychain.framework */; settings = {ATTRIBUTES = (CodeSignOnCopy, RemoveHeadersOnCopy, ); }; };
		2574204D1D4421410002D020 /* BookmarkService.swift in Sources */ = {isa = PBXBuildFile; fileRef = 2574204C1D4421410002D020 /* BookmarkService.swift */; };
		257420841D442A7C0002D020 /* RepositoryTableViewCell.swift in Sources */ = {isa = PBXBuildFile; fileRef = 257420831D442A7C0002D020 /* RepositoryTableViewCell.swift */; };
		257420861D442E020002D020 /* BookmarkTableViewCell.swift in Sources */ = {isa = PBXBuildFile; fileRef = 257420851D442E020002D020 /* BookmarkTableViewCell.swift */; };
		257420891D44304C0002D020 /* NavigationController+CompletionBlock.swift in Sources */ = {isa = PBXBuildFile; fileRef = 257420881D44304C0002D020 /* NavigationController+CompletionBlock.swift */; };
		257420E21D443D990002D020 /* AppReducer.swift in Sources */ = {isa = PBXBuildFile; fileRef = 257420DE1D443D990002D020 /* AppReducer.swift */; };
		257420E31D443D990002D020 /* AuthenticationReducer.swift in Sources */ = {isa = PBXBuildFile; fileRef = 257420DF1D443D990002D020 /* AuthenticationReducer.swift */; };
		257420E41D443D990002D020 /* BookmarksReducer.swift in Sources */ = {isa = PBXBuildFile; fileRef = 257420E01D443D990002D020 /* BookmarksReducer.swift */; };
		257420E51D443D990002D020 /* GitHubAPIReducers.swift in Sources */ = {isa = PBXBuildFile; fileRef = 257420E11D443D990002D020 /* GitHubAPIReducers.swift */; };
		258184351C3CC710008E200A /* State.swift in Sources */ = {isa = PBXBuildFile; fileRef = 258184341C3CC710008E200A /* State.swift */; };
		2581843A1C3CC912008E200A /* Routes.swift in Sources */ = {isa = PBXBuildFile; fileRef = 258184391C3CC912008E200A /* Routes.swift */; };
		25BB76211C3CB8CB008EA13B /* AppDelegate.swift in Sources */ = {isa = PBXBuildFile; fileRef = 25BB76201C3CB8CB008EA13B /* AppDelegate.swift */; };
		25BB76261C3CB8CB008EA13B /* Main.storyboard in Resources */ = {isa = PBXBuildFile; fileRef = 25BB76241C3CB8CB008EA13B /* Main.storyboard */; };
		25BB76281C3CB8CB008EA13B /* Assets.xcassets in Resources */ = {isa = PBXBuildFile; fileRef = 25BB76271C3CB8CB008EA13B /* Assets.xcassets */; };
		25BB762B1C3CB8CB008EA13B /* LaunchScreen.storyboard in Resources */ = {isa = PBXBuildFile; fileRef = 25BB76291C3CB8CB008EA13B /* LaunchScreen.storyboard */; };
		25BE03E11C7C07E6005EBB09 /* AuthenticationService.swift in Sources */ = {isa = PBXBuildFile; fileRef = 25BE03E01C7C07E6005EBB09 /* AuthenticationService.swift */; };
		25C00E991C3CD8E50074655A /* AuthenticationActions.swift in Sources */ = {isa = PBXBuildFile; fileRef = 25C00E981C3CD8E50074655A /* AuthenticationActions.swift */; };
		25C00E9C1C3CDAAC0074655A /* AuthenticationState.swift in Sources */ = {isa = PBXBuildFile; fileRef = 25C00E9B1C3CDAAC0074655A /* AuthenticationState.swift */; };
		6296CA0E1C4D777800A60ECD /* Credentials.swift in Sources */ = {isa = PBXBuildFile; fileRef = 6296CA0D1C4D777800A60ECD /* Credentials.swift */; };
		62C935481C8CD17F00887A23 /* GitHubRepositories.swift in Sources */ = {isa = PBXBuildFile; fileRef = 62C935471C8CD17F00887A23 /* GitHubRepositories.swift */; };
		62C9354A1C8CD2CC00887A23 /* GitHubRepositoriesActions.swift in Sources */ = {isa = PBXBuildFile; fileRef = 62C935491C8CD2CC00887A23 /* GitHubRepositoriesActions.swift */; };
		62C935791C8CD6E500887A23 /* ListKit.framework in Frameworks */ = {isa = PBXBuildFile; fileRef = 62C935581C8CD6B400887A23 /* ListKit.framework */; };
		62C9357B1C8CDBDE00887A23 /* RepositoryDetailViewController.swift in Sources */ = {isa = PBXBuildFile; fileRef = 62C9357A1C8CDBDE00887A23 /* RepositoryDetailViewController.swift */; };
		62EF0A6E1C700ABB00D13711 /* LoginViewController.swift in Sources */ = {isa = PBXBuildFile; fileRef = 62EF0A6D1C700ABB00D13711 /* LoginViewController.swift */; };
		62EF0A701C700AD500D13711 /* MainViewController.swift in Sources */ = {isa = PBXBuildFile; fileRef = 62EF0A6F1C700AD500D13711 /* MainViewController.swift */; };
		62EF0AB61C700D4900D13711 /* GitHubAuthSpec.swift in Sources */ = {isa = PBXBuildFile; fileRef = 62EF0AB51C700D4900D13711 /* GitHubAuthSpec.swift */; };
		62EF0ABA1C700D9D00D13711 /* Nimble.framework in Frameworks */ = {isa = PBXBuildFile; fileRef = 62EF0AA81C700D1F00D13711 /* Nimble.framework */; };
		62EF0ABB1C700DA200D13711 /* Quick.framework in Frameworks */ = {isa = PBXBuildFile; fileRef = 62EF0A8D1C700D1200D13711 /* Quick.framework */; };
		7A7A57191C91D78C00670D38 /* ListKit.framework in Embed Frameworks */ = {isa = PBXBuildFile; fileRef = 62C935581C8CD6B400887A23 /* ListKit.framework */; settings = {ATTRIBUTES = (CodeSignOnCopy, RemoveHeadersOnCopy, ); }; };
/* End PBXBuildFile section */

/* Begin PBXContainerItemProxy section */
		254B3B241D3ABB9400B1E4F0 /* PBXContainerItemProxy */ = {
			isa = PBXContainerItemProxy;
			containerPortal = 254B3B1A1D3ABB9400B1E4F0 /* SSKeychain.xcodeproj */;
			proxyType = 2;
			remoteGlobalIDString = E8A666341A844CC400287CA3;
			remoteInfo = "SSKeychain-iOS";
		};
		254B3B261D3ABB9400B1E4F0 /* PBXContainerItemProxy */ = {
			isa = PBXContainerItemProxy;
			containerPortal = 254B3B1A1D3ABB9400B1E4F0 /* SSKeychain.xcodeproj */;
			proxyType = 2;
			remoteGlobalIDString = E8A666551A844D3A00287CA3;
			remoteInfo = "SSKeychainTests-iOS";
		};
		254B3B281D3ABB9400B1E4F0 /* PBXContainerItemProxy */ = {
			isa = PBXContainerItemProxy;
			containerPortal = 254B3B1A1D3ABB9400B1E4F0 /* SSKeychain.xcodeproj */;
			proxyType = 2;
			remoteGlobalIDString = E8A6666F1A844E4100287CA3;
			remoteInfo = "SSKeychain-OSX";
		};
		254B3B2A1D3ABB9400B1E4F0 /* PBXContainerItemProxy */ = {
			isa = PBXContainerItemProxy;
			containerPortal = 254B3B1A1D3ABB9400B1E4F0 /* SSKeychain.xcodeproj */;
			proxyType = 2;
			remoteGlobalIDString = E8A666791A844E4100287CA3;
			remoteInfo = "SSKeychainTests-OSX";
		};
		254B3B2C1D3ABB9400B1E4F0 /* PBXContainerItemProxy */ = {
			isa = PBXContainerItemProxy;
			containerPortal = 254B3B1A1D3ABB9400B1E4F0 /* SSKeychain.xcodeproj */;
			proxyType = 2;
			remoteGlobalIDString = 21632D981C925A3C00C40D7D;
			remoteInfo = "SSKeychain-tvOS";
		};
		254B3B2E1D3ABB9400B1E4F0 /* PBXContainerItemProxy */ = {
			isa = PBXContainerItemProxy;
			containerPortal = 254B3B1A1D3ABB9400B1E4F0 /* SSKeychain.xcodeproj */;
			proxyType = 2;
			remoteGlobalIDString = 21632DA11C925A3C00C40D7D;
			remoteInfo = "SSKeychainTests-tvOS";
		};
		254B3B301D3ABB9400B1E4F0 /* PBXContainerItemProxy */ = {
			isa = PBXContainerItemProxy;
			containerPortal = 254B3B1A1D3ABB9400B1E4F0 /* SSKeychain.xcodeproj */;
			proxyType = 2;
			remoteGlobalIDString = 21632DBC1C925B1F00C40D7D;
			remoteInfo = "SSKeychain-watchOS";
		};
		254B3B3F1D3ABBAB00B1E4F0 /* PBXContainerItemProxy */ = {
			isa = PBXContainerItemProxy;
			containerPortal = 254B3B321D3ABBAB00B1E4F0 /* ReSwiftRouter.xcodeproj */;
			proxyType = 2;
			remoteGlobalIDString = 625E66CD1C1FFE280027C288;
			remoteInfo = "ReSwiftRouter-iOS";
		};
		254B3B411D3ABBAB00B1E4F0 /* PBXContainerItemProxy */ = {
			isa = PBXContainerItemProxy;
			containerPortal = 254B3B321D3ABBAB00B1E4F0 /* ReSwiftRouter.xcodeproj */;
			proxyType = 2;
			remoteGlobalIDString = 625E66F11C2000EA0027C288;
			remoteInfo = "ReSwiftRouterTests-iOS";
		};
		254B3B431D3ABBAB00B1E4F0 /* PBXContainerItemProxy */ = {
			isa = PBXContainerItemProxy;
			containerPortal = 254B3B321D3ABBAB00B1E4F0 /* ReSwiftRouter.xcodeproj */;
			proxyType = 2;
			remoteGlobalIDString = 6209C04B1C54256F004E6B66;
			remoteInfo = "ReSwiftRouter-watchOS";
		};
		254B3B451D3ABBAB00B1E4F0 /* PBXContainerItemProxy */ = {
			isa = PBXContainerItemProxy;
			containerPortal = 254B3B321D3ABBAB00B1E4F0 /* ReSwiftRouter.xcodeproj */;
			proxyType = 2;
			remoteGlobalIDString = 6209C0611C5427E0004E6B66;
			remoteInfo = "ReSwiftRouter-tvOS";
		};
		254B3B471D3ABBAB00B1E4F0 /* PBXContainerItemProxy */ = {
			isa = PBXContainerItemProxy;
			containerPortal = 254B3B321D3ABBAB00B1E4F0 /* ReSwiftRouter.xcodeproj */;
			proxyType = 2;
			remoteGlobalIDString = 6209C06A1C5427E0004E6B66;
			remoteInfo = "ReSwiftRouter-tvOSTests";
		};
		254B3B491D3ABBAB00B1E4F0 /* PBXContainerItemProxy */ = {
			isa = PBXContainerItemProxy;
			containerPortal = 254B3B321D3ABBAB00B1E4F0 /* ReSwiftRouter.xcodeproj */;
			proxyType = 2;
			remoteGlobalIDString = 6209C0881C5428DE004E6B66;
			remoteInfo = "ReSwiftRouter-OSX";
		};
		254B3B4B1D3ABBAB00B1E4F0 /* PBXContainerItemProxy */ = {
			isa = PBXContainerItemProxy;
			containerPortal = 254B3B321D3ABBAB00B1E4F0 /* ReSwiftRouter.xcodeproj */;
			proxyType = 2;
			remoteGlobalIDString = 6209C0911C5428DE004E6B66;
			remoteInfo = "ReSwiftRouter-OSXTests";
		};
		254B3B571D3ABBB400B1E4F0 /* PBXContainerItemProxy */ = {
			isa = PBXContainerItemProxy;
			containerPortal = 254B3B4D1D3ABBB400B1E4F0 /* ReSwift.xcodeproj */;
			proxyType = 2;
			remoteGlobalIDString = 625E66831C1FF97E0027C288;
			remoteInfo = "ReSwift-iOS";
		};
		254B3B591D3ABBB400B1E4F0 /* PBXContainerItemProxy */ = {
			isa = PBXContainerItemProxy;
			containerPortal = 254B3B4D1D3ABBB400B1E4F0 /* ReSwift.xcodeproj */;
			proxyType = 2;
			remoteGlobalIDString = 625E669A1C1FFA3C0027C288;
			remoteInfo = "ReSwift-iOSTests";
		};
		254B3B5B1D3ABBB400B1E4F0 /* PBXContainerItemProxy */ = {
			isa = PBXContainerItemProxy;
			containerPortal = 254B3B4D1D3ABBB400B1E4F0 /* ReSwift.xcodeproj */;
			proxyType = 2;
			remoteGlobalIDString = 25DBCF7B1C30C4AA00D63A58;
			remoteInfo = "ReSwift-OSX";
		};
		254B3B5D1D3ABBB400B1E4F0 /* PBXContainerItemProxy */ = {
			isa = PBXContainerItemProxy;
			containerPortal = 254B3B4D1D3ABBB400B1E4F0 /* ReSwift.xcodeproj */;
			proxyType = 2;
			remoteGlobalIDString = 25DBCF871C30C4DB00D63A58;
			remoteInfo = "ReSwift-OSXTests";
		};
		254B3B5F1D3ABBB400B1E4F0 /* PBXContainerItemProxy */ = {
			isa = PBXContainerItemProxy;
			containerPortal = 254B3B4D1D3ABBB400B1E4F0 /* ReSwift.xcodeproj */;
			proxyType = 2;
			remoteGlobalIDString = 25DBCF4E1C30C18D00D63A58;
			remoteInfo = "ReSwift-tvOS";
		};
		254B3B611D3ABBB400B1E4F0 /* PBXContainerItemProxy */ = {
			isa = PBXContainerItemProxy;
			containerPortal = 254B3B4D1D3ABBB400B1E4F0 /* ReSwift.xcodeproj */;
			proxyType = 2;
			remoteGlobalIDString = 25DBCF641C30C1AC00D63A58;
			remoteInfo = "ReSwift-tvOSTests";
		};
		254B3B631D3ABBB400B1E4F0 /* PBXContainerItemProxy */ = {
			isa = PBXContainerItemProxy;
			containerPortal = 254B3B4D1D3ABBB400B1E4F0 /* ReSwift.xcodeproj */;
			proxyType = 2;
			remoteGlobalIDString = 25DBCF371C30BF2B00D63A58;
			remoteInfo = "ReSwift-watchOS";
		};
		254B3B6F1D3ABBC400B1E4F0 /* PBXContainerItemProxy */ = {
			isa = PBXContainerItemProxy;
			containerPortal = 254B3B651D3ABBC400B1E4F0 /* RequestKit.xcodeproj */;
			proxyType = 2;
			remoteGlobalIDString = 234F4C1C1BDDF64300A58EF7;
			remoteInfo = RequestKit;
		};
		254B3B711D3ABBC400B1E4F0 /* PBXContainerItemProxy */ = {
			isa = PBXContainerItemProxy;
			containerPortal = 254B3B651D3ABBC400B1E4F0 /* RequestKit.xcodeproj */;
			proxyType = 2;
			remoteGlobalIDString = 234F4C261BDDF64300A58EF7;
			remoteInfo = RequestKitTests;
		};
		254B3B731D3ABBC400B1E4F0 /* PBXContainerItemProxy */ = {
			isa = PBXContainerItemProxy;
			containerPortal = 254B3B651D3ABBC400B1E4F0 /* RequestKit.xcodeproj */;
			proxyType = 2;
			remoteGlobalIDString = 233743001C7981A800013492;
			remoteInfo = "RequestKit tvOS";
		};
		254B3B751D3ABBC400B1E4F0 /* PBXContainerItemProxy */ = {
			isa = PBXContainerItemProxy;
			containerPortal = 254B3B651D3ABBC400B1E4F0 /* RequestKit.xcodeproj */;
			proxyType = 2;
			remoteGlobalIDString = 2337434D1C79833A00013492;
			remoteInfo = "RequestKit tvTests";
		};
		254B3B771D3ABBC400B1E4F0 /* PBXContainerItemProxy */ = {
			isa = PBXContainerItemProxy;
			containerPortal = 254B3B651D3ABBC400B1E4F0 /* RequestKit.xcodeproj */;
			proxyType = 2;
			remoteGlobalIDString = 2337430D1C7981D700013492;
			remoteInfo = "RequestKit watchOS";
		};
		254B3B791D3ABBC400B1E4F0 /* PBXContainerItemProxy */ = {
			isa = PBXContainerItemProxy;
			containerPortal = 254B3B651D3ABBC400B1E4F0 /* RequestKit.xcodeproj */;
			proxyType = 2;
			remoteGlobalIDString = 2337431A1C7981E700013492;
			remoteInfo = "RequestKit Mac";
		};
		254B3B7B1D3ABBC400B1E4F0 /* PBXContainerItemProxy */ = {
			isa = PBXContainerItemProxy;
			containerPortal = 254B3B651D3ABBC400B1E4F0 /* RequestKit.xcodeproj */;
			proxyType = 2;
			remoteGlobalIDString = 2337433E1C79832700013492;
			remoteInfo = "RequestKit MacTests";
		};
		254B3B871D3ABBCE00B1E4F0 /* PBXContainerItemProxy */ = {
			isa = PBXContainerItemProxy;
			containerPortal = 254B3B7D1D3ABBCE00B1E4F0 /* OctoKit.xcodeproj */;
			proxyType = 2;
			remoteGlobalIDString = 239BE7C91B8C47A100D2CE22;
			remoteInfo = OctoKit;
		};
		254B3B891D3ABBCE00B1E4F0 /* PBXContainerItemProxy */ = {
			isa = PBXContainerItemProxy;
			containerPortal = 254B3B7D1D3ABBCE00B1E4F0 /* OctoKit.xcodeproj */;
			proxyType = 2;
			remoteGlobalIDString = 234F4BA91BDDE31A00A58EF7;
			remoteInfo = OctoKitTests;
		};
		254B3B8B1D3ABBCE00B1E4F0 /* PBXContainerItemProxy */ = {
			isa = PBXContainerItemProxy;
			containerPortal = 254B3B7D1D3ABBCE00B1E4F0 /* OctoKit.xcodeproj */;
			proxyType = 2;
			remoteGlobalIDString = 23CAF2621C7AB5FB005011C4;
			remoteInfo = "OctoKit tvOS";
		};
		254B3B8D1D3ABBCE00B1E4F0 /* PBXContainerItemProxy */ = {
			isa = PBXContainerItemProxy;
			containerPortal = 254B3B7D1D3ABBCE00B1E4F0 /* OctoKit.xcodeproj */;
			proxyType = 2;
			remoteGlobalIDString = 23CAF26B1C7AB5FC005011C4;
			remoteInfo = "OctoKit tvOSTests";
		};
		254B3B8F1D3ABBCE00B1E4F0 /* PBXContainerItemProxy */ = {
			isa = PBXContainerItemProxy;
			containerPortal = 254B3B7D1D3ABBCE00B1E4F0 /* OctoKit.xcodeproj */;
			proxyType = 2;
			remoteGlobalIDString = 23CAF27E1C7AB60C005011C4;
			remoteInfo = "OctoKit Mac";
		};
		254B3B911D3ABBCE00B1E4F0 /* PBXContainerItemProxy */ = {
			isa = PBXContainerItemProxy;
			containerPortal = 254B3B7D1D3ABBCE00B1E4F0 /* OctoKit.xcodeproj */;
			proxyType = 2;
			remoteGlobalIDString = 23CAF2871C7AB60D005011C4;
			remoteInfo = "OctoKit MacTests";
		};
		254B3B931D3ABBCE00B1E4F0 /* PBXContainerItemProxy */ = {
			isa = PBXContainerItemProxy;
			containerPortal = 254B3B7D1D3ABBCE00B1E4F0 /* OctoKit.xcodeproj */;
			proxyType = 2;
			remoteGlobalIDString = 23CAF29A1C7AB619005011C4;
			remoteInfo = "OctoKit watchOS";
		};
		254B3B971D3ABBFF00B1E4F0 /* PBXContainerItemProxy */ = {
			isa = PBXContainerItemProxy;
			containerPortal = 254B3B7D1D3ABBCE00B1E4F0 /* OctoKit.xcodeproj */;
			proxyType = 1;
			remoteGlobalIDString = 239BE7C81B8C47A100D2CE22;
			remoteInfo = OctoKit;
		};
		254B3B9B1D3ABC0400B1E4F0 /* PBXContainerItemProxy */ = {
			isa = PBXContainerItemProxy;
			containerPortal = 254B3B651D3ABBC400B1E4F0 /* RequestKit.xcodeproj */;
			proxyType = 1;
			remoteGlobalIDString = 234F4C1B1BDDF64300A58EF7;
			remoteInfo = RequestKit;
		};
		254B3B9F1D3ABC0A00B1E4F0 /* PBXContainerItemProxy */ = {
			isa = PBXContainerItemProxy;
			containerPortal = 254B3B4D1D3ABBB400B1E4F0 /* ReSwift.xcodeproj */;
			proxyType = 1;
			remoteGlobalIDString = 625E66821C1FF97E0027C288;
			remoteInfo = "ReSwift-iOS";
		};
		254B3BA31D3ABC1300B1E4F0 /* PBXContainerItemProxy */ = {
			isa = PBXContainerItemProxy;
			containerPortal = 254B3B321D3ABBAB00B1E4F0 /* ReSwiftRouter.xcodeproj */;
			proxyType = 1;
			remoteGlobalIDString = 625E66CC1C1FFE280027C288;
			remoteInfo = "ReSwiftRouter-iOS";
		};
		254B3BA71D3ABC1E00B1E4F0 /* PBXContainerItemProxy */ = {
			isa = PBXContainerItemProxy;
			containerPortal = 254B3B1A1D3ABB9400B1E4F0 /* SSKeychain.xcodeproj */;
			proxyType = 1;
			remoteGlobalIDString = E8A666331A844CC400287CA3;
			remoteInfo = "SSKeychain-iOS";
		};
		62C935531C8CD6B400887A23 /* PBXContainerItemProxy */ = {
			isa = PBXContainerItemProxy;
			containerPortal = 62C9354C1C8CD6B300887A23 /* ListKit.xcodeproj */;
			proxyType = 2;
			remoteGlobalIDString = 626518121A96473700F1D760;
			remoteInfo = ListKitDemo;
		};
		62C935551C8CD6B400887A23 /* PBXContainerItemProxy */ = {
			isa = PBXContainerItemProxy;
			containerPortal = 62C9354C1C8CD6B300887A23 /* ListKit.xcodeproj */;
			proxyType = 2;
			remoteGlobalIDString = 626518271A96473700F1D760;
			remoteInfo = ListKitDemoTests;
		};
		62C935571C8CD6B400887A23 /* PBXContainerItemProxy */ = {
			isa = PBXContainerItemProxy;
			containerPortal = 62C9354C1C8CD6B300887A23 /* ListKit.xcodeproj */;
			proxyType = 2;
			remoteGlobalIDString = 6265183C1A96474900F1D760;
			remoteInfo = ListKit;
		};
		62C935591C8CD6B400887A23 /* PBXContainerItemProxy */ = {
			isa = PBXContainerItemProxy;
			containerPortal = 62C9354C1C8CD6B300887A23 /* ListKit.xcodeproj */;
			proxyType = 2;
			remoteGlobalIDString = 626518461A96474900F1D760;
			remoteInfo = ListKitTests;
		};
		62EF0A7A1C700C2300D13711 /* PBXContainerItemProxy */ = {
			isa = PBXContainerItemProxy;
			containerPortal = 25BB76151C3CB8CB008EA13B /* Project object */;
			proxyType = 1;
			remoteGlobalIDString = 25BB761C1C3CB8CB008EA13B;
			remoteInfo = SwiftFlowGitHubBrowser;
		};
		62EF0A8C1C700D1200D13711 /* PBXContainerItemProxy */ = {
			isa = PBXContainerItemProxy;
			containerPortal = 62EF0A801C700D1200D13711 /* Quick.xcodeproj */;
			proxyType = 2;
			remoteGlobalIDString = DAEB6B8E1943873100289F44;
			remoteInfo = "Quick-OSX";
		};
		62EF0A8E1C700D1200D13711 /* PBXContainerItemProxy */ = {
			isa = PBXContainerItemProxy;
			containerPortal = 62EF0A801C700D1200D13711 /* Quick.xcodeproj */;
			proxyType = 2;
			remoteGlobalIDString = DAEB6B991943873100289F44;
			remoteInfo = "Quick-OSXTests";
		};
		62EF0A901C700D1200D13711 /* PBXContainerItemProxy */ = {
			isa = PBXContainerItemProxy;
			containerPortal = 62EF0A801C700D1200D13711 /* Quick.xcodeproj */;
			proxyType = 2;
			remoteGlobalIDString = DA5663E81A4C8D8500193C88;
			remoteInfo = "QuickFocused-OSXTests";
		};
		62EF0A921C700D1200D13711 /* PBXContainerItemProxy */ = {
			isa = PBXContainerItemProxy;
			containerPortal = 62EF0A801C700D1200D13711 /* Quick.xcodeproj */;
			proxyType = 2;
			remoteGlobalIDString = 5A5D117C19473F2100F6D13D;
			remoteInfo = "Quick-iOS";
		};
		62EF0A941C700D1200D13711 /* PBXContainerItemProxy */ = {
			isa = PBXContainerItemProxy;
			containerPortal = 62EF0A801C700D1200D13711 /* Quick.xcodeproj */;
			proxyType = 2;
			remoteGlobalIDString = 5A5D118619473F2100F6D13D;
			remoteInfo = "Quick-iOSTests";
		};
		62EF0A961C700D1200D13711 /* PBXContainerItemProxy */ = {
			isa = PBXContainerItemProxy;
			containerPortal = 62EF0A801C700D1200D13711 /* Quick.xcodeproj */;
			proxyType = 2;
			remoteGlobalIDString = DA9876B21A4C70EB0004AA17;
			remoteInfo = "QuickFocused-iOSTests";
		};
		62EF0A981C700D1200D13711 /* PBXContainerItemProxy */ = {
			isa = PBXContainerItemProxy;
			containerPortal = 62EF0A801C700D1200D13711 /* Quick.xcodeproj */;
			proxyType = 2;
			remoteGlobalIDString = 1F118CD51BDCA4AB005013A2;
			remoteInfo = "Quick-tvOS";
		};
		62EF0A9A1C700D1200D13711 /* PBXContainerItemProxy */ = {
			isa = PBXContainerItemProxy;
			containerPortal = 62EF0A801C700D1200D13711 /* Quick.xcodeproj */;
			proxyType = 2;
			remoteGlobalIDString = 1F118CDE1BDCA4AB005013A2;
			remoteInfo = "Quick-tvOSTests";
		};
		62EF0A9C1C700D1200D13711 /* PBXContainerItemProxy */ = {
			isa = PBXContainerItemProxy;
			containerPortal = 62EF0A801C700D1200D13711 /* Quick.xcodeproj */;
			proxyType = 2;
			remoteGlobalIDString = 1F118CF01BDCA4BB005013A2;
			remoteInfo = "QuickFocused-tvOSTests";
		};
		62EF0AA71C700D1F00D13711 /* PBXContainerItemProxy */ = {
			isa = PBXContainerItemProxy;
			containerPortal = 62EF0A9E1C700D1F00D13711 /* Nimble.xcodeproj */;
			proxyType = 2;
			remoteGlobalIDString = 1F1A74291940169200FFFC47;
			remoteInfo = "Nimble-iOS";
		};
		62EF0AA91C700D1F00D13711 /* PBXContainerItemProxy */ = {
			isa = PBXContainerItemProxy;
			containerPortal = 62EF0A9E1C700D1F00D13711 /* Nimble.xcodeproj */;
			proxyType = 2;
			remoteGlobalIDString = 1F1A74341940169200FFFC47;
			remoteInfo = "Nimble-iOSTests";
		};
		62EF0AAB1C700D1F00D13711 /* PBXContainerItemProxy */ = {
			isa = PBXContainerItemProxy;
			containerPortal = 62EF0A9E1C700D1F00D13711 /* Nimble.xcodeproj */;
			proxyType = 2;
			remoteGlobalIDString = 1F925EAD195C0D6300ED456B;
			remoteInfo = "Nimble-OSX";
		};
		62EF0AAD1C700D1F00D13711 /* PBXContainerItemProxy */ = {
			isa = PBXContainerItemProxy;
			containerPortal = 62EF0A9E1C700D1F00D13711 /* Nimble.xcodeproj */;
			proxyType = 2;
			remoteGlobalIDString = 1F925EB7195C0D6300ED456B;
			remoteInfo = "Nimble-OSXTests";
		};
		62EF0AAF1C700D1F00D13711 /* PBXContainerItemProxy */ = {
			isa = PBXContainerItemProxy;
			containerPortal = 62EF0A9E1C700D1F00D13711 /* Nimble.xcodeproj */;
			proxyType = 2;
			remoteGlobalIDString = 1F5DF1551BDCA0CE00C3A531;
			remoteInfo = "Nimble-tvOS";
		};
		62EF0AB11C700D1F00D13711 /* PBXContainerItemProxy */ = {
			isa = PBXContainerItemProxy;
			containerPortal = 62EF0A9E1C700D1F00D13711 /* Nimble.xcodeproj */;
			proxyType = 2;
			remoteGlobalIDString = 1F5DF15E1BDCA0CE00C3A531;
			remoteInfo = "Nimble-tvOSTests";
		};
		7A7A571A1C91D78C00670D38 /* PBXContainerItemProxy */ = {
			isa = PBXContainerItemProxy;
			containerPortal = 62C9354C1C8CD6B300887A23 /* ListKit.xcodeproj */;
			proxyType = 1;
			remoteGlobalIDString = 6265183B1A96474900F1D760;
			remoteInfo = ListKit;
		};
/* End PBXContainerItemProxy section */

/* Begin PBXCopyFilesBuildPhase section */
		7A7A57071C91D73C00670D38 /* Embed Frameworks */ = {
			isa = PBXCopyFilesBuildPhase;
			buildActionMask = 2147483647;
			dstPath = "";
			dstSubfolderSpec = 10;
			files = (
				254B3B961D3ABBFF00B1E4F0 /* OctoKit.framework in Embed Frameworks */,
				254B3B9E1D3ABC0A00B1E4F0 /* ReSwift.framework in Embed Frameworks */,
				254B3B9A1D3ABC0400B1E4F0 /* RequestKit.framework in Embed Frameworks */,
				7A7A57191C91D78C00670D38 /* ListKit.framework in Embed Frameworks */,
				254B3BA61D3ABC1E00B1E4F0 /* SSKeychain.framework in Embed Frameworks */,
				254B3BA21D3ABC1300B1E4F0 /* ReSwiftRouter.framework in Embed Frameworks */,
			);
			name = "Embed Frameworks";
			runOnlyForDeploymentPostprocessing = 0;
		};
/* End PBXCopyFilesBuildPhase section */

/* Begin PBXFileReference section */
		251A75DB1C94F92900EBEB32 /* BookmarkViewController.swift */ = {isa = PBXFileReference; fileEncoding = 4; lastKnownFileType = sourcecode.swift; path = BookmarkViewController.swift; sourceTree = "<group>"; };
		2532E8F51C8F8BFB003F5392 /* BookmarkActions.swift */ = {isa = PBXFileReference; fileEncoding = 4; lastKnownFileType = sourcecode.swift; path = BookmarkActions.swift; sourceTree = "<group>"; };
		254B3B1A1D3ABB9400B1E4F0 /* SSKeychain.xcodeproj */ = {isa = PBXFileReference; lastKnownFileType = "wrapper.pb-project"; name = SSKeychain.xcodeproj; path = Carthage/Checkouts/SSKeychain/SSKeychain.xcodeproj; sourceTree = SOURCE_ROOT; };
		254B3B321D3ABBAB00B1E4F0 /* ReSwiftRouter.xcodeproj */ = {isa = PBXFileReference; lastKnownFileType = "wrapper.pb-project"; name = ReSwiftRouter.xcodeproj; path = Carthage/Checkouts/ReSwiftRouter/ReSwiftRouter.xcodeproj; sourceTree = SOURCE_ROOT; };
		254B3B4D1D3ABBB400B1E4F0 /* ReSwift.xcodeproj */ = {isa = PBXFileReference; lastKnownFileType = "wrapper.pb-project"; name = ReSwift.xcodeproj; path = Carthage/Checkouts/ReSwift/ReSwift.xcodeproj; sourceTree = SOURCE_ROOT; };
		254B3B651D3ABBC400B1E4F0 /* RequestKit.xcodeproj */ = {isa = PBXFileReference; lastKnownFileType = "wrapper.pb-project"; name = RequestKit.xcodeproj; path = Carthage/Checkouts/RequestKit/RequestKit.xcodeproj; sourceTree = SOURCE_ROOT; };
		254B3B7D1D3ABBCE00B1E4F0 /* OctoKit.xcodeproj */ = {isa = PBXFileReference; lastKnownFileType = "wrapper.pb-project"; name = OctoKit.xcodeproj; path = Carthage/Checkouts/octokit.swift/OctoKit.xcodeproj; sourceTree = SOURCE_ROOT; };
		2574204C1D4421410002D020 /* BookmarkService.swift */ = {isa = PBXFileReference; fileEncoding = 4; lastKnownFileType = sourcecode.swift; path = BookmarkService.swift; sourceTree = "<group>"; };
		257420831D442A7C0002D020 /* RepositoryTableViewCell.swift */ = {isa = PBXFileReference; fileEncoding = 4; lastKnownFileType = sourcecode.swift; path = RepositoryTableViewCell.swift; sourceTree = "<group>"; };
		257420851D442E020002D020 /* BookmarkTableViewCell.swift */ = {isa = PBXFileReference; fileEncoding = 4; lastKnownFileType = sourcecode.swift; path = BookmarkTableViewCell.swift; sourceTree = "<group>"; };
		257420881D44304C0002D020 /* NavigationController+CompletionBlock.swift */ = {isa = PBXFileReference; fileEncoding = 4; lastKnownFileType = sourcecode.swift; name = "NavigationController+CompletionBlock.swift"; path = "UIKitExtensions/NavigationController+CompletionBlock.swift"; sourceTree = "<group>"; };
		257420DE1D443D990002D020 /* AppReducer.swift */ = {isa = PBXFileReference; fileEncoding = 4; lastKnownFileType = sourcecode.swift; name = AppReducer.swift; path = Reducers/AppReducer.swift; sourceTree = "<group>"; };
		257420DF1D443D990002D020 /* AuthenticationReducer.swift */ = {isa = PBXFileReference; fileEncoding = 4; lastKnownFileType = sourcecode.swift; name = AuthenticationReducer.swift; path = Reducers/AuthenticationReducer.swift; sourceTree = "<group>"; };
		257420E01D443D990002D020 /* BookmarksReducer.swift */ = {isa = PBXFileReference; fileEncoding = 4; lastKnownFileType = sourcecode.swift; name = BookmarksReducer.swift; path = Reducers/BookmarksReducer.swift; sourceTree = "<group>"; };
		257420E11D443D990002D020 /* GitHubAPIReducers.swift */ = {isa = PBXFileReference; fileEncoding = 4; lastKnownFileType = sourcecode.swift; name = GitHubAPIReducers.swift; path = Reducers/GitHubAPIReducers.swift; sourceTree = "<group>"; };
		258184341C3CC710008E200A /* State.swift */ = {isa = PBXFileReference; fileEncoding = 4; lastKnownFileType = sourcecode.swift; path = State.swift; sourceTree = "<group>"; };
		258184391C3CC912008E200A /* Routes.swift */ = {isa = PBXFileReference; fileEncoding = 4; lastKnownFileType = sourcecode.swift; path = Routes.swift; sourceTree = "<group>"; };
		25BB761D1C3CB8CB008EA13B /* SwiftFlowGitHubBrowser.app */ = {isa = PBXFileReference; explicitFileType = wrapper.application; includeInIndex = 0; path = SwiftFlowGitHubBrowser.app; sourceTree = BUILT_PRODUCTS_DIR; };
		25BB76201C3CB8CB008EA13B /* AppDelegate.swift */ = {isa = PBXFileReference; lastKnownFileType = sourcecode.swift; path = AppDelegate.swift; sourceTree = "<group>"; };
		25BB76251C3CB8CB008EA13B /* Base */ = {isa = PBXFileReference; lastKnownFileType = file.storyboard; name = Base; path = Base.lproj/Main.storyboard; sourceTree = "<group>"; };
		25BB76271C3CB8CB008EA13B /* Assets.xcassets */ = {isa = PBXFileReference; lastKnownFileType = folder.assetcatalog; path = Assets.xcassets; sourceTree = "<group>"; };
		25BB762A1C3CB8CB008EA13B /* Base */ = {isa = PBXFileReference; lastKnownFileType = file.storyboard; name = Base; path = Base.lproj/LaunchScreen.storyboard; sourceTree = "<group>"; };
		25BB762C1C3CB8CB008EA13B /* Info.plist */ = {isa = PBXFileReference; lastKnownFileType = text.plist.xml; path = Info.plist; sourceTree = "<group>"; };
		25BE03E01C7C07E6005EBB09 /* AuthenticationService.swift */ = {isa = PBXFileReference; fileEncoding = 4; lastKnownFileType = sourcecode.swift; path = AuthenticationService.swift; sourceTree = "<group>"; };
		25C00E981C3CD8E50074655A /* AuthenticationActions.swift */ = {isa = PBXFileReference; fileEncoding = 4; lastKnownFileType = sourcecode.swift; path = AuthenticationActions.swift; sourceTree = "<group>"; };
		25C00E9B1C3CDAAC0074655A /* AuthenticationState.swift */ = {isa = PBXFileReference; fileEncoding = 4; lastKnownFileType = sourcecode.swift; path = AuthenticationState.swift; sourceTree = "<group>"; };
		6296CA0D1C4D777800A60ECD /* Credentials.swift */ = {isa = PBXFileReference; fileEncoding = 4; lastKnownFileType = sourcecode.swift; path = Credentials.swift; sourceTree = "<group>"; };
		62C935471C8CD17F00887A23 /* GitHubRepositories.swift */ = {isa = PBXFileReference; fileEncoding = 4; lastKnownFileType = sourcecode.swift; path = GitHubRepositories.swift; sourceTree = "<group>"; };
		62C935491C8CD2CC00887A23 /* GitHubRepositoriesActions.swift */ = {isa = PBXFileReference; fileEncoding = 4; lastKnownFileType = sourcecode.swift; path = GitHubRepositoriesActions.swift; sourceTree = "<group>"; };
		62C9354C1C8CD6B300887A23 /* ListKit.xcodeproj */ = {isa = PBXFileReference; lastKnownFileType = "wrapper.pb-project"; name = ListKit.xcodeproj; path = Carthage/Checkouts/ListKit/ListKit.xcodeproj; sourceTree = SOURCE_ROOT; };
		62C9357A1C8CDBDE00887A23 /* RepositoryDetailViewController.swift */ = {isa = PBXFileReference; fileEncoding = 4; lastKnownFileType = sourcecode.swift; path = RepositoryDetailViewController.swift; sourceTree = "<group>"; };
		62EF0A6D1C700ABB00D13711 /* LoginViewController.swift */ = {isa = PBXFileReference; fileEncoding = 4; lastKnownFileType = sourcecode.swift; path = LoginViewController.swift; sourceTree = "<group>"; };
		62EF0A6F1C700AD500D13711 /* MainViewController.swift */ = {isa = PBXFileReference; fileEncoding = 4; lastKnownFileType = sourcecode.swift; path = MainViewController.swift; sourceTree = "<group>"; };
		62EF0A751C700C2300D13711 /* SwiftFlowGitHubBrowserTests.xctest */ = {isa = PBXFileReference; explicitFileType = wrapper.cfbundle; includeInIndex = 0; path = SwiftFlowGitHubBrowserTests.xctest; sourceTree = BUILT_PRODUCTS_DIR; };
		62EF0A791C700C2300D13711 /* Info.plist */ = {isa = PBXFileReference; lastKnownFileType = text.plist.xml; path = Info.plist; sourceTree = "<group>"; };
		62EF0A801C700D1200D13711 /* Quick.xcodeproj */ = {isa = PBXFileReference; lastKnownFileType = "wrapper.pb-project"; name = Quick.xcodeproj; path = Carthage/Checkouts/Quick/Quick.xcodeproj; sourceTree = SOURCE_ROOT; };
		62EF0A9E1C700D1F00D13711 /* Nimble.xcodeproj */ = {isa = PBXFileReference; lastKnownFileType = "wrapper.pb-project"; name = Nimble.xcodeproj; path = Carthage/Checkouts/Nimble/Nimble.xcodeproj; sourceTree = SOURCE_ROOT; };
		62EF0AB51C700D4900D13711 /* GitHubAuthSpec.swift */ = {isa = PBXFileReference; fileEncoding = 4; lastKnownFileType = sourcecode.swift; path = GitHubAuthSpec.swift; sourceTree = "<group>"; };
/* End PBXFileReference section */

/* Begin PBXFrameworksBuildPhase section */
		25BB761A1C3CB8CB008EA13B /* Frameworks */ = {
			isa = PBXFrameworksBuildPhase;
			buildActionMask = 2147483647;
			files = (
				254B3B951D3ABBFF00B1E4F0 /* OctoKit.framework in Frameworks */,
				254B3B9D1D3ABC0A00B1E4F0 /* ReSwift.framework in Frameworks */,
				254B3B991D3ABC0400B1E4F0 /* RequestKit.framework in Frameworks */,
				62C935791C8CD6E500887A23 /* ListKit.framework in Frameworks */,
				254B3BA51D3ABC1E00B1E4F0 /* SSKeychain.framework in Frameworks */,
				254B3BA11D3ABC1300B1E4F0 /* ReSwiftRouter.framework in Frameworks */,
			);
			runOnlyForDeploymentPostprocessing = 0;
		};
		62EF0A721C700C2300D13711 /* Frameworks */ = {
			isa = PBXFrameworksBuildPhase;
			buildActionMask = 2147483647;
			files = (
				62EF0ABA1C700D9D00D13711 /* Nimble.framework in Frameworks */,
				62EF0ABB1C700DA200D13711 /* Quick.framework in Frameworks */,
			);
			runOnlyForDeploymentPostprocessing = 0;
		};
/* End PBXFrameworksBuildPhase section */

/* Begin PBXGroup section */
		254B3B1B1D3ABB9400B1E4F0 /* Products */ = {
			isa = PBXGroup;
			children = (
				254B3B251D3ABB9400B1E4F0 /* SSKeychain.framework */,
				254B3B271D3ABB9400B1E4F0 /* SSKeychainTests-iOS.xctest */,
				254B3B291D3ABB9400B1E4F0 /* SSKeychain.framework */,
				254B3B2B1D3ABB9400B1E4F0 /* SSKeychainTests-OSX.xctest */,
				254B3B2D1D3ABB9400B1E4F0 /* SSKeychain.framework */,
				254B3B2F1D3ABB9400B1E4F0 /* SSKeychainTests.xctest */,
				254B3B311D3ABB9400B1E4F0 /* SSKeychain.framework */,
			);
			name = Products;
			sourceTree = "<group>";
		};
		254B3B331D3ABBAB00B1E4F0 /* Products */ = {
			isa = PBXGroup;
			children = (
				254B3B401D3ABBAB00B1E4F0 /* ReSwiftRouter.framework */,
				254B3B421D3ABBAB00B1E4F0 /* ReSwiftRouterTests-iOS.xctest */,
				254B3B441D3ABBAB00B1E4F0 /* ReSwiftRouter.framework */,
				254B3B461D3ABBAB00B1E4F0 /* ReSwiftRouter.framework */,
				254B3B481D3ABBAB00B1E4F0 /* ReSwiftRouter-tvOSTests.xctest */,
				254B3B4A1D3ABBAB00B1E4F0 /* ReSwiftRouter.framework */,
				254B3B4C1D3ABBAB00B1E4F0 /* ReSwiftRouter.xctest */,
			);
			name = Products;
			sourceTree = "<group>";
		};
		254B3B4E1D3ABBB400B1E4F0 /* Products */ = {
			isa = PBXGroup;
			children = (
				254B3B581D3ABBB400B1E4F0 /* ReSwift.framework */,
				254B3B5A1D3ABBB400B1E4F0 /* ReSwift-iOSTests.xctest */,
				254B3B5C1D3ABBB400B1E4F0 /* ReSwift.framework */,
				254B3B5E1D3ABBB400B1E4F0 /* ReSwift-OSXTests.xctest */,
				254B3B601D3ABBB400B1E4F0 /* ReSwift.framework */,
				254B3B621D3ABBB400B1E4F0 /* ReSwift-tvOSTests.xctest */,
				254B3B641D3ABBB400B1E4F0 /* ReSwift.framework */,
			);
			name = Products;
			sourceTree = "<group>";
		};
		254B3B661D3ABBC400B1E4F0 /* Products */ = {
			isa = PBXGroup;
			children = (
				254B3B701D3ABBC400B1E4F0 /* RequestKit.framework */,
				254B3B721D3ABBC400B1E4F0 /* RequestKitTests.xctest */,
				254B3B741D3ABBC400B1E4F0 /* RequestKit.framework */,
				254B3B761D3ABBC400B1E4F0 /* RequestKit tvTests.xctest */,
				254B3B781D3ABBC400B1E4F0 /* RequestKit.framework */,
				254B3B7A1D3ABBC400B1E4F0 /* RequestKit.framework */,
				254B3B7C1D3ABBC400B1E4F0 /* RequestKit MacTests.xctest */,
			);
			name = Products;
			sourceTree = "<group>";
		};
		254B3B7E1D3ABBCE00B1E4F0 /* Products */ = {
			isa = PBXGroup;
			children = (
				254B3B881D3ABBCE00B1E4F0 /* OctoKit.framework */,
				254B3B8A1D3ABBCE00B1E4F0 /* OctoKitTests.xctest */,
				254B3B8C1D3ABBCE00B1E4F0 /* OctoKit.framework */,
				254B3B8E1D3ABBCE00B1E4F0 /* OctoKit tvOSTests.xctest */,
				254B3B901D3ABBCE00B1E4F0 /* OctoKit.framework */,
				254B3B921D3ABBCE00B1E4F0 /* OctoKit MacTests.xctest */,
				254B3B941D3ABBCE00B1E4F0 /* OctoKit.framework */,
			);
			name = Products;
			sourceTree = "<group>";
		};
		257420821D442A700002D020 /* Views */ = {
			isa = PBXGroup;
			children = (
				257420831D442A7C0002D020 /* RepositoryTableViewCell.swift */,
				257420851D442E020002D020 /* BookmarkTableViewCell.swift */,
			);
			path = Views;
			sourceTree = "<group>";
		};
		257420871D4430330002D020 /* UIKitExtensions */ = {
			isa = PBXGroup;
			children = (
				257420881D44304C0002D020 /* NavigationController+CompletionBlock.swift */,
			);
			name = UIKitExtensions;
			sourceTree = "<group>";
		};
		258184331C3CC6F2008E200A /* State */ = {
			isa = PBXGroup;
			children = (
				258184341C3CC710008E200A /* State.swift */,
				25C00E9B1C3CDAAC0074655A /* AuthenticationState.swift */,
			);
			path = State;
			sourceTree = "<group>";
		};
		258184381C3CC8FA008E200A /* Routes */ = {
			isa = PBXGroup;
			children = (
				258184391C3CC912008E200A /* Routes.swift */,
			);
			path = Routes;
			sourceTree = "<group>";
		};
		25BB76141C3CB8CB008EA13B = {
			isa = PBXGroup;
			children = (
				25BB761F1C3CB8CB008EA13B /* SwiftFlowGitHubBrowser */,
				62EF0A761C700C2300D13711 /* SwiftFlowGitHubBrowserTests */,
				25BB761E1C3CB8CB008EA13B /* Products */,
			);
			sourceTree = "<group>";
		};
		25BB761E1C3CB8CB008EA13B /* Products */ = {
			isa = PBXGroup;
			children = (
				25BB761D1C3CB8CB008EA13B /* SwiftFlowGitHubBrowser.app */,
				62EF0A751C700C2300D13711 /* SwiftFlowGitHubBrowserTests.xctest */,
			);
			name = Products;
			sourceTree = "<group>";
		};
		25BB761F1C3CB8CB008EA13B /* SwiftFlowGitHubBrowser */ = {
			isa = PBXGroup;
			children = (
				257420871D4430330002D020 /* UIKitExtensions */,
				257420821D442A700002D020 /* Views */,
				62C935461C8CD14F00887A23 /* APIRequests */,
				25BE03BA1C7C079B005EBB09 /* Services */,
				62EF0A6C1C700ABB00D13711 /* ViewControllers */,
				25C00EA41C3CEDBB0074655A /* GitHubAuth */,
				25C00E9A1C3CDA340074655A /* Reducers */,
				25C00E8E1C3CD8BE0074655A /* Actions */,
				258184381C3CC8FA008E200A /* Routes */,
				258184331C3CC6F2008E200A /* State */,
				25BB76321C3CBA99008EA13B /* Dependencies */,
				25BB76201C3CB8CB008EA13B /* AppDelegate.swift */,
				25BB76241C3CB8CB008EA13B /* Main.storyboard */,
				25BB76271C3CB8CB008EA13B /* Assets.xcassets */,
				25BB76291C3CB8CB008EA13B /* LaunchScreen.storyboard */,
				25BB762C1C3CB8CB008EA13B /* Info.plist */,
			);
			path = SwiftFlowGitHubBrowser;
			sourceTree = "<group>";
		};
		25BB76321C3CBA99008EA13B /* Dependencies */ = {
			isa = PBXGroup;
			children = (
				254B3B7D1D3ABBCE00B1E4F0 /* OctoKit.xcodeproj */,
				254B3B651D3ABBC400B1E4F0 /* RequestKit.xcodeproj */,
				254B3B4D1D3ABBB400B1E4F0 /* ReSwift.xcodeproj */,
				254B3B321D3ABBAB00B1E4F0 /* ReSwiftRouter.xcodeproj */,
				254B3B1A1D3ABB9400B1E4F0 /* SSKeychain.xcodeproj */,
				62C9354C1C8CD6B300887A23 /* ListKit.xcodeproj */,
			);
			name = Dependencies;
			sourceTree = "<group>";
		};
		25BE03BA1C7C079B005EBB09 /* Services */ = {
			isa = PBXGroup;
			children = (
				25BE03E01C7C07E6005EBB09 /* AuthenticationService.swift */,
				2574204C1D4421410002D020 /* BookmarkService.swift */,
			);
			path = Services;
			sourceTree = "<group>";
		};
		25C00E8E1C3CD8BE0074655A /* Actions */ = {
			isa = PBXGroup;
			children = (
				25C00E981C3CD8E50074655A /* AuthenticationActions.swift */,
				62C935491C8CD2CC00887A23 /* GitHubRepositoriesActions.swift */,
				2532E8F51C8F8BFB003F5392 /* BookmarkActions.swift */,
			);
			path = Actions;
			sourceTree = "<group>";
		};
		25C00E9A1C3CDA340074655A /* Reducers */ = {
			isa = PBXGroup;
			children = (
				257420DE1D443D990002D020 /* AppReducer.swift */,
				257420DF1D443D990002D020 /* AuthenticationReducer.swift */,
				257420E01D443D990002D020 /* BookmarksReducer.swift */,
				257420E11D443D990002D020 /* GitHubAPIReducers.swift */,
			);
			name = Reducers;
			sourceTree = "<group>";
		};
		25C00EA41C3CEDBB0074655A /* GitHubAuth */ = {
			isa = PBXGroup;
			children = (
				6296CA0D1C4D777800A60ECD /* Credentials.swift */,
			);
			path = GitHubAuth;
			sourceTree = "<group>";
		};
		62C935461C8CD14F00887A23 /* APIRequests */ = {
			isa = PBXGroup;
			children = (
				62C935471C8CD17F00887A23 /* GitHubRepositories.swift */,
			);
			path = APIRequests;
			sourceTree = "<group>";
		};
		62C9354B1C8CD41F00887A23 /* APIRequestSpec */ = {
			isa = PBXGroup;
			children = (
			);
			path = APIRequestSpec;
			sourceTree = "<group>";
		};
		62C9354D1C8CD6B300887A23 /* Products */ = {
			isa = PBXGroup;
			children = (
				62C935541C8CD6B400887A23 /* ListKitDemo.app */,
				62C935561C8CD6B400887A23 /* ListKit.xctest */,
				62C935581C8CD6B400887A23 /* ListKit.framework */,
				62C9355A1C8CD6B400887A23 /* ListKitTests.xctest */,
			);
			name = Products;
			sourceTree = "<group>";
		};
		62EF0A6C1C700ABB00D13711 /* ViewControllers */ = {
			isa = PBXGroup;
			children = (
				62EF0A6D1C700ABB00D13711 /* LoginViewController.swift */,
				62EF0A6F1C700AD500D13711 /* MainViewController.swift */,
				62C9357A1C8CDBDE00887A23 /* RepositoryDetailViewController.swift */,
				251A75DB1C94F92900EBEB32 /* BookmarkViewController.swift */,
			);
			path = ViewControllers;
			sourceTree = "<group>";
		};
		62EF0A761C700C2300D13711 /* SwiftFlowGitHubBrowserTests */ = {
			isa = PBXGroup;
			children = (
				62C9354B1C8CD41F00887A23 /* APIRequestSpec */,
				62EF0AB31C700D3A00D13711 /* GithubAuthSpec */,
				62EF0A7F1C700CFD00D13711 /* Dependencies */,
				62EF0A791C700C2300D13711 /* Info.plist */,
			);
			path = SwiftFlowGitHubBrowserTests;
			sourceTree = "<group>";
		};
		62EF0A7F1C700CFD00D13711 /* Dependencies */ = {
			isa = PBXGroup;
			children = (
				62EF0A9E1C700D1F00D13711 /* Nimble.xcodeproj */,
				62EF0A801C700D1200D13711 /* Quick.xcodeproj */,
			);
			name = Dependencies;
			sourceTree = "<group>";
		};
		62EF0A811C700D1200D13711 /* Products */ = {
			isa = PBXGroup;
			children = (
				62EF0A8D1C700D1200D13711 /* Quick.framework */,
				62EF0A8F1C700D1200D13711 /* Quick-OSXTests.xctest */,
				62EF0A911C700D1200D13711 /* QuickFocused-OSXTests.xctest */,
				62EF0A931C700D1200D13711 /* Quick.framework */,
				62EF0A951C700D1200D13711 /* Quick-iOSTests.xctest */,
				62EF0A971C700D1200D13711 /* QuickFocused-iOSTests.xctest */,
				62EF0A991C700D1200D13711 /* Quick.framework */,
				62EF0A9B1C700D1200D13711 /* Quick-tvOSTests.xctest */,
				62EF0A9D1C700D1200D13711 /* QuickFocused-tvOSTests.xctest */,
			);
			name = Products;
			sourceTree = "<group>";
		};
		62EF0A9F1C700D1F00D13711 /* Products */ = {
			isa = PBXGroup;
			children = (
				62EF0AA81C700D1F00D13711 /* Nimble.framework */,
				62EF0AAA1C700D1F00D13711 /* NimbleTests.xctest */,
				62EF0AAC1C700D1F00D13711 /* Nimble.framework */,
				62EF0AAE1C700D1F00D13711 /* NimbleTests.xctest */,
				62EF0AB01C700D1F00D13711 /* Nimble.framework */,
				62EF0AB21C700D1F00D13711 /* NimbleTests.xctest */,
			);
			name = Products;
			sourceTree = "<group>";
		};
		62EF0AB31C700D3A00D13711 /* GithubAuthSpec */ = {
			isa = PBXGroup;
			children = (
				62EF0AB51C700D4900D13711 /* GitHubAuthSpec.swift */,
			);
			path = GithubAuthSpec;
			sourceTree = "<group>";
		};
/* End PBXGroup section */

/* Begin PBXNativeTarget section */
		25BB761C1C3CB8CB008EA13B /* SwiftFlowGitHubBrowser */ = {
			isa = PBXNativeTarget;
			buildConfigurationList = 25BB762F1C3CB8CB008EA13B /* Build configuration list for PBXNativeTarget "SwiftFlowGitHubBrowser" */;
			buildPhases = (
				25BB76191C3CB8CB008EA13B /* Sources */,
				25BB761A1C3CB8CB008EA13B /* Frameworks */,
				25BB761B1C3CB8CB008EA13B /* Resources */,
				7A7A57071C91D73C00670D38 /* Embed Frameworks */,
			);
			buildRules = (
			);
			dependencies = (
				7A7A571B1C91D78C00670D38 /* PBXTargetDependency */,
				254B3B981D3ABBFF00B1E4F0 /* PBXTargetDependency */,
				254B3B9C1D3ABC0400B1E4F0 /* PBXTargetDependency */,
				254B3BA01D3ABC0A00B1E4F0 /* PBXTargetDependency */,
				254B3BA41D3ABC1300B1E4F0 /* PBXTargetDependency */,
				254B3BA81D3ABC1E00B1E4F0 /* PBXTargetDependency */,
			);
			name = SwiftFlowGitHubBrowser;
			productName = SwiftFlowGitHubBrowser;
			productReference = 25BB761D1C3CB8CB008EA13B /* SwiftFlowGitHubBrowser.app */;
			productType = "com.apple.product-type.application";
		};
		62EF0A741C700C2300D13711 /* SwiftFlowGitHubBrowserTests */ = {
			isa = PBXNativeTarget;
			buildConfigurationList = 62EF0A7C1C700C2300D13711 /* Build configuration list for PBXNativeTarget "SwiftFlowGitHubBrowserTests" */;
			buildPhases = (
				62EF0A711C700C2300D13711 /* Sources */,
				62EF0A721C700C2300D13711 /* Frameworks */,
				62EF0A731C700C2300D13711 /* Resources */,
			);
			buildRules = (
			);
			dependencies = (
				62EF0A7B1C700C2300D13711 /* PBXTargetDependency */,
			);
			name = SwiftFlowGitHubBrowserTests;
			productName = SwiftFlowGitHubBrowserTests;
			productReference = 62EF0A751C700C2300D13711 /* SwiftFlowGitHubBrowserTests.xctest */;
			productType = "com.apple.product-type.bundle.unit-test";
		};
/* End PBXNativeTarget section */

/* Begin PBXProject section */
		25BB76151C3CB8CB008EA13B /* Project object */ = {
			isa = PBXProject;
			attributes = {
				LastSwiftUpdateCheck = 0720;
				LastUpgradeCheck = 0730;
				ORGANIZATIONNAME = "Benji Encz";
				TargetAttributes = {
					25BB761C1C3CB8CB008EA13B = {
						CreatedOnToolsVersion = 7.2;
					};
					62EF0A741C700C2300D13711 = {
						CreatedOnToolsVersion = 7.2;
						TestTargetID = 25BB761C1C3CB8CB008EA13B;
					};
				};
			};
			buildConfigurationList = 25BB76181C3CB8CB008EA13B /* Build configuration list for PBXProject "SwiftFlowGitHubBrowser" */;
			compatibilityVersion = "Xcode 3.2";
			developmentRegion = English;
			hasScannedForEncodings = 0;
			knownRegions = (
				en,
				Base,
			);
			mainGroup = 25BB76141C3CB8CB008EA13B;
			productRefGroup = 25BB761E1C3CB8CB008EA13B /* Products */;
			projectDirPath = "";
			projectReferences = (
				{
					ProductGroup = 62C9354D1C8CD6B300887A23 /* Products */;
					ProjectRef = 62C9354C1C8CD6B300887A23 /* ListKit.xcodeproj */;
				},
				{
					ProductGroup = 62EF0A9F1C700D1F00D13711 /* Products */;
					ProjectRef = 62EF0A9E1C700D1F00D13711 /* Nimble.xcodeproj */;
				},
				{
					ProductGroup = 254B3B7E1D3ABBCE00B1E4F0 /* Products */;
					ProjectRef = 254B3B7D1D3ABBCE00B1E4F0 /* OctoKit.xcodeproj */;
				},
				{
					ProductGroup = 62EF0A811C700D1200D13711 /* Products */;
					ProjectRef = 62EF0A801C700D1200D13711 /* Quick.xcodeproj */;
				},
				{
					ProductGroup = 254B3B661D3ABBC400B1E4F0 /* Products */;
					ProjectRef = 254B3B651D3ABBC400B1E4F0 /* RequestKit.xcodeproj */;
				},
				{
					ProductGroup = 254B3B4E1D3ABBB400B1E4F0 /* Products */;
					ProjectRef = 254B3B4D1D3ABBB400B1E4F0 /* ReSwift.xcodeproj */;
				},
				{
					ProductGroup = 254B3B331D3ABBAB00B1E4F0 /* Products */;
					ProjectRef = 254B3B321D3ABBAB00B1E4F0 /* ReSwiftRouter.xcodeproj */;
				},
				{
					ProductGroup = 254B3B1B1D3ABB9400B1E4F0 /* Products */;
					ProjectRef = 254B3B1A1D3ABB9400B1E4F0 /* SSKeychain.xcodeproj */;
				},
			);
			projectRoot = "";
			targets = (
				25BB761C1C3CB8CB008EA13B /* SwiftFlowGitHubBrowser */,
				62EF0A741C700C2300D13711 /* SwiftFlowGitHubBrowserTests */,
			);
		};
/* End PBXProject section */

/* Begin PBXReferenceProxy section */
		254B3B251D3ABB9400B1E4F0 /* SSKeychain.framework */ = {
			isa = PBXReferenceProxy;
			fileType = wrapper.framework;
			path = SSKeychain.framework;
			remoteRef = 254B3B241D3ABB9400B1E4F0 /* PBXContainerItemProxy */;
			sourceTree = BUILT_PRODUCTS_DIR;
		};
		254B3B271D3ABB9400B1E4F0 /* SSKeychainTests-iOS.xctest */ = {
			isa = PBXReferenceProxy;
			fileType = wrapper.cfbundle;
			path = "SSKeychainTests-iOS.xctest";
			remoteRef = 254B3B261D3ABB9400B1E4F0 /* PBXContainerItemProxy */;
			sourceTree = BUILT_PRODUCTS_DIR;
		};
		254B3B291D3ABB9400B1E4F0 /* SSKeychain.framework */ = {
			isa = PBXReferenceProxy;
			fileType = wrapper.framework;
			path = SSKeychain.framework;
			remoteRef = 254B3B281D3ABB9400B1E4F0 /* PBXContainerItemProxy */;
			sourceTree = BUILT_PRODUCTS_DIR;
		};
		254B3B2B1D3ABB9400B1E4F0 /* SSKeychainTests-OSX.xctest */ = {
			isa = PBXReferenceProxy;
			fileType = wrapper.cfbundle;
			path = "SSKeychainTests-OSX.xctest";
			remoteRef = 254B3B2A1D3ABB9400B1E4F0 /* PBXContainerItemProxy */;
			sourceTree = BUILT_PRODUCTS_DIR;
		};
		254B3B2D1D3ABB9400B1E4F0 /* SSKeychain.framework */ = {
			isa = PBXReferenceProxy;
			fileType = wrapper.framework;
			path = SSKeychain.framework;
			remoteRef = 254B3B2C1D3ABB9400B1E4F0 /* PBXContainerItemProxy */;
			sourceTree = BUILT_PRODUCTS_DIR;
		};
		254B3B2F1D3ABB9400B1E4F0 /* SSKeychainTests.xctest */ = {
			isa = PBXReferenceProxy;
			fileType = wrapper.cfbundle;
			path = SSKeychainTests.xctest;
			remoteRef = 254B3B2E1D3ABB9400B1E4F0 /* PBXContainerItemProxy */;
			sourceTree = BUILT_PRODUCTS_DIR;
		};
		254B3B311D3ABB9400B1E4F0 /* SSKeychain.framework */ = {
			isa = PBXReferenceProxy;
			fileType = wrapper.framework;
			path = SSKeychain.framework;
			remoteRef = 254B3B301D3ABB9400B1E4F0 /* PBXContainerItemProxy */;
			sourceTree = BUILT_PRODUCTS_DIR;
		};
		254B3B401D3ABBAB00B1E4F0 /* ReSwiftRouter.framework */ = {
			isa = PBXReferenceProxy;
			fileType = wrapper.framework;
			path = ReSwiftRouter.framework;
			remoteRef = 254B3B3F1D3ABBAB00B1E4F0 /* PBXContainerItemProxy */;
			sourceTree = BUILT_PRODUCTS_DIR;
		};
		254B3B421D3ABBAB00B1E4F0 /* ReSwiftRouterTests-iOS.xctest */ = {
			isa = PBXReferenceProxy;
			fileType = wrapper.cfbundle;
			path = "ReSwiftRouterTests-iOS.xctest";
			remoteRef = 254B3B411D3ABBAB00B1E4F0 /* PBXContainerItemProxy */;
			sourceTree = BUILT_PRODUCTS_DIR;
		};
		254B3B441D3ABBAB00B1E4F0 /* ReSwiftRouter.framework */ = {
			isa = PBXReferenceProxy;
			fileType = wrapper.framework;
			path = ReSwiftRouter.framework;
			remoteRef = 254B3B431D3ABBAB00B1E4F0 /* PBXContainerItemProxy */;
			sourceTree = BUILT_PRODUCTS_DIR;
		};
		254B3B461D3ABBAB00B1E4F0 /* ReSwiftRouter.framework */ = {
			isa = PBXReferenceProxy;
			fileType = wrapper.framework;
			path = ReSwiftRouter.framework;
			remoteRef = 254B3B451D3ABBAB00B1E4F0 /* PBXContainerItemProxy */;
			sourceTree = BUILT_PRODUCTS_DIR;
		};
		254B3B481D3ABBAB00B1E4F0 /* ReSwiftRouter-tvOSTests.xctest */ = {
			isa = PBXReferenceProxy;
			fileType = wrapper.cfbundle;
			path = "ReSwiftRouter-tvOSTests.xctest";
			remoteRef = 254B3B471D3ABBAB00B1E4F0 /* PBXContainerItemProxy */;
			sourceTree = BUILT_PRODUCTS_DIR;
		};
		254B3B4A1D3ABBAB00B1E4F0 /* ReSwiftRouter.framework */ = {
			isa = PBXReferenceProxy;
			fileType = wrapper.framework;
			path = ReSwiftRouter.framework;
			remoteRef = 254B3B491D3ABBAB00B1E4F0 /* PBXContainerItemProxy */;
			sourceTree = BUILT_PRODUCTS_DIR;
		};
		254B3B4C1D3ABBAB00B1E4F0 /* ReSwiftRouter.xctest */ = {
			isa = PBXReferenceProxy;
			fileType = wrapper.cfbundle;
			path = ReSwiftRouter.xctest;
			remoteRef = 254B3B4B1D3ABBAB00B1E4F0 /* PBXContainerItemProxy */;
			sourceTree = BUILT_PRODUCTS_DIR;
		};
		254B3B581D3ABBB400B1E4F0 /* ReSwift.framework */ = {
			isa = PBXReferenceProxy;
			fileType = wrapper.framework;
			path = ReSwift.framework;
			remoteRef = 254B3B571D3ABBB400B1E4F0 /* PBXContainerItemProxy */;
			sourceTree = BUILT_PRODUCTS_DIR;
		};
		254B3B5A1D3ABBB400B1E4F0 /* ReSwift-iOSTests.xctest */ = {
			isa = PBXReferenceProxy;
			fileType = wrapper.cfbundle;
			path = "ReSwift-iOSTests.xctest";
			remoteRef = 254B3B591D3ABBB400B1E4F0 /* PBXContainerItemProxy */;
			sourceTree = BUILT_PRODUCTS_DIR;
		};
		254B3B5C1D3ABBB400B1E4F0 /* ReSwift.framework */ = {
			isa = PBXReferenceProxy;
			fileType = wrapper.framework;
			path = ReSwift.framework;
			remoteRef = 254B3B5B1D3ABBB400B1E4F0 /* PBXContainerItemProxy */;
			sourceTree = BUILT_PRODUCTS_DIR;
		};
		254B3B5E1D3ABBB400B1E4F0 /* ReSwift-OSXTests.xctest */ = {
			isa = PBXReferenceProxy;
			fileType = wrapper.cfbundle;
			path = "ReSwift-OSXTests.xctest";
			remoteRef = 254B3B5D1D3ABBB400B1E4F0 /* PBXContainerItemProxy */;
			sourceTree = BUILT_PRODUCTS_DIR;
		};
		254B3B601D3ABBB400B1E4F0 /* ReSwift.framework */ = {
			isa = PBXReferenceProxy;
			fileType = wrapper.framework;
			path = ReSwift.framework;
			remoteRef = 254B3B5F1D3ABBB400B1E4F0 /* PBXContainerItemProxy */;
			sourceTree = BUILT_PRODUCTS_DIR;
		};
		254B3B621D3ABBB400B1E4F0 /* ReSwift-tvOSTests.xctest */ = {
			isa = PBXReferenceProxy;
			fileType = wrapper.cfbundle;
			path = "ReSwift-tvOSTests.xctest";
			remoteRef = 254B3B611D3ABBB400B1E4F0 /* PBXContainerItemProxy */;
			sourceTree = BUILT_PRODUCTS_DIR;
		};
		254B3B641D3ABBB400B1E4F0 /* ReSwift.framework */ = {
			isa = PBXReferenceProxy;
			fileType = wrapper.framework;
			path = ReSwift.framework;
			remoteRef = 254B3B631D3ABBB400B1E4F0 /* PBXContainerItemProxy */;
			sourceTree = BUILT_PRODUCTS_DIR;
		};
		254B3B701D3ABBC400B1E4F0 /* RequestKit.framework */ = {
			isa = PBXReferenceProxy;
			fileType = wrapper.framework;
			path = RequestKit.framework;
			remoteRef = 254B3B6F1D3ABBC400B1E4F0 /* PBXContainerItemProxy */;
			sourceTree = BUILT_PRODUCTS_DIR;
		};
		254B3B721D3ABBC400B1E4F0 /* RequestKitTests.xctest */ = {
			isa = PBXReferenceProxy;
			fileType = wrapper.cfbundle;
			path = RequestKitTests.xctest;
			remoteRef = 254B3B711D3ABBC400B1E4F0 /* PBXContainerItemProxy */;
			sourceTree = BUILT_PRODUCTS_DIR;
		};
		254B3B741D3ABBC400B1E4F0 /* RequestKit.framework */ = {
			isa = PBXReferenceProxy;
			fileType = wrapper.framework;
			path = RequestKit.framework;
			remoteRef = 254B3B731D3ABBC400B1E4F0 /* PBXContainerItemProxy */;
			sourceTree = BUILT_PRODUCTS_DIR;
		};
		254B3B761D3ABBC400B1E4F0 /* RequestKit tvTests.xctest */ = {
			isa = PBXReferenceProxy;
			fileType = wrapper.cfbundle;
			path = "RequestKit tvTests.xctest";
			remoteRef = 254B3B751D3ABBC400B1E4F0 /* PBXContainerItemProxy */;
			sourceTree = BUILT_PRODUCTS_DIR;
		};
		254B3B781D3ABBC400B1E4F0 /* RequestKit.framework */ = {
			isa = PBXReferenceProxy;
			fileType = wrapper.framework;
			path = RequestKit.framework;
			remoteRef = 254B3B771D3ABBC400B1E4F0 /* PBXContainerItemProxy */;
			sourceTree = BUILT_PRODUCTS_DIR;
		};
		254B3B7A1D3ABBC400B1E4F0 /* RequestKit.framework */ = {
			isa = PBXReferenceProxy;
			fileType = wrapper.framework;
			path = RequestKit.framework;
			remoteRef = 254B3B791D3ABBC400B1E4F0 /* PBXContainerItemProxy */;
			sourceTree = BUILT_PRODUCTS_DIR;
		};
		254B3B7C1D3ABBC400B1E4F0 /* RequestKit MacTests.xctest */ = {
			isa = PBXReferenceProxy;
			fileType = wrapper.cfbundle;
			path = "RequestKit MacTests.xctest";
			remoteRef = 254B3B7B1D3ABBC400B1E4F0 /* PBXContainerItemProxy */;
			sourceTree = BUILT_PRODUCTS_DIR;
		};
		254B3B881D3ABBCE00B1E4F0 /* OctoKit.framework */ = {
			isa = PBXReferenceProxy;
			fileType = wrapper.framework;
			path = OctoKit.framework;
			remoteRef = 254B3B871D3ABBCE00B1E4F0 /* PBXContainerItemProxy */;
			sourceTree = BUILT_PRODUCTS_DIR;
		};
		254B3B8A1D3ABBCE00B1E4F0 /* OctoKitTests.xctest */ = {
			isa = PBXReferenceProxy;
			fileType = wrapper.cfbundle;
			path = OctoKitTests.xctest;
			remoteRef = 254B3B891D3ABBCE00B1E4F0 /* PBXContainerItemProxy */;
			sourceTree = BUILT_PRODUCTS_DIR;
		};
		254B3B8C1D3ABBCE00B1E4F0 /* OctoKit.framework */ = {
			isa = PBXReferenceProxy;
			fileType = wrapper.framework;
			path = OctoKit.framework;
			remoteRef = 254B3B8B1D3ABBCE00B1E4F0 /* PBXContainerItemProxy */;
			sourceTree = BUILT_PRODUCTS_DIR;
		};
		254B3B8E1D3ABBCE00B1E4F0 /* OctoKit tvOSTests.xctest */ = {
			isa = PBXReferenceProxy;
			fileType = wrapper.cfbundle;
			path = "OctoKit tvOSTests.xctest";
			remoteRef = 254B3B8D1D3ABBCE00B1E4F0 /* PBXContainerItemProxy */;
			sourceTree = BUILT_PRODUCTS_DIR;
		};
		254B3B901D3ABBCE00B1E4F0 /* OctoKit.framework */ = {
			isa = PBXReferenceProxy;
			fileType = wrapper.framework;
			path = OctoKit.framework;
			remoteRef = 254B3B8F1D3ABBCE00B1E4F0 /* PBXContainerItemProxy */;
			sourceTree = BUILT_PRODUCTS_DIR;
		};
		254B3B921D3ABBCE00B1E4F0 /* OctoKit MacTests.xctest */ = {
			isa = PBXReferenceProxy;
			fileType = wrapper.cfbundle;
			path = "OctoKit MacTests.xctest";
			remoteRef = 254B3B911D3ABBCE00B1E4F0 /* PBXContainerItemProxy */;
			sourceTree = BUILT_PRODUCTS_DIR;
		};
		254B3B941D3ABBCE00B1E4F0 /* OctoKit.framework */ = {
			isa = PBXReferenceProxy;
			fileType = wrapper.framework;
			path = OctoKit.framework;
			remoteRef = 254B3B931D3ABBCE00B1E4F0 /* PBXContainerItemProxy */;
			sourceTree = BUILT_PRODUCTS_DIR;
		};
		62C935541C8CD6B400887A23 /* ListKitDemo.app */ = {
			isa = PBXReferenceProxy;
			fileType = wrapper.application;
			path = ListKitDemo.app;
			remoteRef = 62C935531C8CD6B400887A23 /* PBXContainerItemProxy */;
			sourceTree = BUILT_PRODUCTS_DIR;
		};
		62C935561C8CD6B400887A23 /* ListKit.xctest */ = {
			isa = PBXReferenceProxy;
			fileType = wrapper.cfbundle;
			path = ListKit.xctest;
			remoteRef = 62C935551C8CD6B400887A23 /* PBXContainerItemProxy */;
			sourceTree = BUILT_PRODUCTS_DIR;
		};
		62C935581C8CD6B400887A23 /* ListKit.framework */ = {
			isa = PBXReferenceProxy;
			fileType = wrapper.framework;
			path = ListKit.framework;
			remoteRef = 62C935571C8CD6B400887A23 /* PBXContainerItemProxy */;
			sourceTree = BUILT_PRODUCTS_DIR;
		};
		62C9355A1C8CD6B400887A23 /* ListKitTests.xctest */ = {
			isa = PBXReferenceProxy;
			fileType = wrapper.cfbundle;
			path = ListKitTests.xctest;
			remoteRef = 62C935591C8CD6B400887A23 /* PBXContainerItemProxy */;
			sourceTree = BUILT_PRODUCTS_DIR;
		};
		62EF0A8D1C700D1200D13711 /* Quick.framework */ = {
			isa = PBXReferenceProxy;
			fileType = wrapper.framework;
			path = Quick.framework;
			remoteRef = 62EF0A8C1C700D1200D13711 /* PBXContainerItemProxy */;
			sourceTree = BUILT_PRODUCTS_DIR;
		};
		62EF0A8F1C700D1200D13711 /* Quick-OSXTests.xctest */ = {
			isa = PBXReferenceProxy;
			fileType = wrapper.cfbundle;
			path = "Quick-OSXTests.xctest";
			remoteRef = 62EF0A8E1C700D1200D13711 /* PBXContainerItemProxy */;
			sourceTree = BUILT_PRODUCTS_DIR;
		};
		62EF0A911C700D1200D13711 /* QuickFocused-OSXTests.xctest */ = {
			isa = PBXReferenceProxy;
			fileType = wrapper.cfbundle;
			path = "QuickFocused-OSXTests.xctest";
			remoteRef = 62EF0A901C700D1200D13711 /* PBXContainerItemProxy */;
			sourceTree = BUILT_PRODUCTS_DIR;
		};
		62EF0A931C700D1200D13711 /* Quick.framework */ = {
			isa = PBXReferenceProxy;
			fileType = wrapper.framework;
			path = Quick.framework;
			remoteRef = 62EF0A921C700D1200D13711 /* PBXContainerItemProxy */;
			sourceTree = BUILT_PRODUCTS_DIR;
		};
		62EF0A951C700D1200D13711 /* Quick-iOSTests.xctest */ = {
			isa = PBXReferenceProxy;
			fileType = wrapper.cfbundle;
			path = "Quick-iOSTests.xctest";
			remoteRef = 62EF0A941C700D1200D13711 /* PBXContainerItemProxy */;
			sourceTree = BUILT_PRODUCTS_DIR;
		};
		62EF0A971C700D1200D13711 /* QuickFocused-iOSTests.xctest */ = {
			isa = PBXReferenceProxy;
			fileType = wrapper.cfbundle;
			path = "QuickFocused-iOSTests.xctest";
			remoteRef = 62EF0A961C700D1200D13711 /* PBXContainerItemProxy */;
			sourceTree = BUILT_PRODUCTS_DIR;
		};
		62EF0A991C700D1200D13711 /* Quick.framework */ = {
			isa = PBXReferenceProxy;
			fileType = wrapper.framework;
			path = Quick.framework;
			remoteRef = 62EF0A981C700D1200D13711 /* PBXContainerItemProxy */;
			sourceTree = BUILT_PRODUCTS_DIR;
		};
		62EF0A9B1C700D1200D13711 /* Quick-tvOSTests.xctest */ = {
			isa = PBXReferenceProxy;
			fileType = wrapper.cfbundle;
			path = "Quick-tvOSTests.xctest";
			remoteRef = 62EF0A9A1C700D1200D13711 /* PBXContainerItemProxy */;
			sourceTree = BUILT_PRODUCTS_DIR;
		};
		62EF0A9D1C700D1200D13711 /* QuickFocused-tvOSTests.xctest */ = {
			isa = PBXReferenceProxy;
			fileType = wrapper.cfbundle;
			path = "QuickFocused-tvOSTests.xctest";
			remoteRef = 62EF0A9C1C700D1200D13711 /* PBXContainerItemProxy */;
			sourceTree = BUILT_PRODUCTS_DIR;
		};
		62EF0AA81C700D1F00D13711 /* Nimble.framework */ = {
			isa = PBXReferenceProxy;
			fileType = wrapper.framework;
			path = Nimble.framework;
			remoteRef = 62EF0AA71C700D1F00D13711 /* PBXContainerItemProxy */;
			sourceTree = BUILT_PRODUCTS_DIR;
		};
		62EF0AAA1C700D1F00D13711 /* NimbleTests.xctest */ = {
			isa = PBXReferenceProxy;
			fileType = wrapper.cfbundle;
			path = NimbleTests.xctest;
			remoteRef = 62EF0AA91C700D1F00D13711 /* PBXContainerItemProxy */;
			sourceTree = BUILT_PRODUCTS_DIR;
		};
		62EF0AAC1C700D1F00D13711 /* Nimble.framework */ = {
			isa = PBXReferenceProxy;
			fileType = wrapper.framework;
			path = Nimble.framework;
			remoteRef = 62EF0AAB1C700D1F00D13711 /* PBXContainerItemProxy */;
			sourceTree = BUILT_PRODUCTS_DIR;
		};
		62EF0AAE1C700D1F00D13711 /* NimbleTests.xctest */ = {
			isa = PBXReferenceProxy;
			fileType = wrapper.cfbundle;
			path = NimbleTests.xctest;
			remoteRef = 62EF0AAD1C700D1F00D13711 /* PBXContainerItemProxy */;
			sourceTree = BUILT_PRODUCTS_DIR;
		};
		62EF0AB01C700D1F00D13711 /* Nimble.framework */ = {
			isa = PBXReferenceProxy;
			fileType = wrapper.framework;
			path = Nimble.framework;
			remoteRef = 62EF0AAF1C700D1F00D13711 /* PBXContainerItemProxy */;
			sourceTree = BUILT_PRODUCTS_DIR;
		};
		62EF0AB21C700D1F00D13711 /* NimbleTests.xctest */ = {
			isa = PBXReferenceProxy;
			fileType = wrapper.cfbundle;
			path = NimbleTests.xctest;
			remoteRef = 62EF0AB11C700D1F00D13711 /* PBXContainerItemProxy */;
			sourceTree = BUILT_PRODUCTS_DIR;
		};
/* End PBXReferenceProxy section */

/* Begin PBXResourcesBuildPhase section */
		25BB761B1C3CB8CB008EA13B /* Resources */ = {
			isa = PBXResourcesBuildPhase;
			buildActionMask = 2147483647;
			files = (
				25BB762B1C3CB8CB008EA13B /* LaunchScreen.storyboard in Resources */,
				25BB76281C3CB8CB008EA13B /* Assets.xcassets in Resources */,
				25BB76261C3CB8CB008EA13B /* Main.storyboard in Resources */,
			);
			runOnlyForDeploymentPostprocessing = 0;
		};
		62EF0A731C700C2300D13711 /* Resources */ = {
			isa = PBXResourcesBuildPhase;
			buildActionMask = 2147483647;
			files = (
			);
			runOnlyForDeploymentPostprocessing = 0;
		};
/* End PBXResourcesBuildPhase section */

/* Begin PBXSourcesBuildPhase section */
		25BB76191C3CB8CB008EA13B /* Sources */ = {
			isa = PBXSourcesBuildPhase;
			buildActionMask = 2147483647;
			files = (
				62EF0A701C700AD500D13711 /* MainViewController.swift in Sources */,
				6296CA0E1C4D777800A60ECD /* Credentials.swift in Sources */,
				25BE03E11C7C07E6005EBB09 /* AuthenticationService.swift in Sources */,
				2574204D1D4421410002D020 /* BookmarkService.swift in Sources */,
				257420891D44304C0002D020 /* NavigationController+CompletionBlock.swift in Sources */,
				62C9357B1C8CDBDE00887A23 /* RepositoryDetailViewController.swift in Sources */,
				257420E51D443D990002D020 /* GitHubAPIReducers.swift in Sources */,
				25C00E9C1C3CDAAC0074655A /* AuthenticationState.swift in Sources */,
				257420E41D443D990002D020 /* BookmarksReducer.swift in Sources */,
				257420841D442A7C0002D020 /* RepositoryTableViewCell.swift in Sources */,
				257420E31D443D990002D020 /* AuthenticationReducer.swift in Sources */,
				2532E8F61C8F8BFB003F5392 /* BookmarkActions.swift in Sources */,
				62C9354A1C8CD2CC00887A23 /* GitHubRepositoriesActions.swift in Sources */,
				257420861D442E020002D020 /* BookmarkTableViewCell.swift in Sources */,
				25C00E991C3CD8E50074655A /* AuthenticationActions.swift in Sources */,
				2581843A1C3CC912008E200A /* Routes.swift in Sources */,
				62C935481C8CD17F00887A23 /* GitHubRepositories.swift in Sources */,
				25BB76211C3CB8CB008EA13B /* AppDelegate.swift in Sources */,
				62EF0A6E1C700ABB00D13711 /* LoginViewController.swift in Sources */,
				251A75DC1C94F92900EBEB32 /* BookmarkViewController.swift in Sources */,
				257420E21D443D990002D020 /* AppReducer.swift in Sources */,
				258184351C3CC710008E200A /* State.swift in Sources */,
			);
			runOnlyForDeploymentPostprocessing = 0;
		};
		62EF0A711C700C2300D13711 /* Sources */ = {
			isa = PBXSourcesBuildPhase;
			buildActionMask = 2147483647;
			files = (
				62EF0AB61C700D4900D13711 /* GitHubAuthSpec.swift in Sources */,
			);
			runOnlyForDeploymentPostprocessing = 0;
		};
/* End PBXSourcesBuildPhase section */

/* Begin PBXTargetDependency section */
		254B3B981D3ABBFF00B1E4F0 /* PBXTargetDependency */ = {
			isa = PBXTargetDependency;
			name = OctoKit;
			targetProxy = 254B3B971D3ABBFF00B1E4F0 /* PBXContainerItemProxy */;
		};
		254B3B9C1D3ABC0400B1E4F0 /* PBXTargetDependency */ = {
			isa = PBXTargetDependency;
			name = RequestKit;
			targetProxy = 254B3B9B1D3ABC0400B1E4F0 /* PBXContainerItemProxy */;
		};
		254B3BA01D3ABC0A00B1E4F0 /* PBXTargetDependency */ = {
			isa = PBXTargetDependency;
			name = "ReSwift-iOS";
			targetProxy = 254B3B9F1D3ABC0A00B1E4F0 /* PBXContainerItemProxy */;
		};
		254B3BA41D3ABC1300B1E4F0 /* PBXTargetDependency */ = {
			isa = PBXTargetDependency;
			name = "ReSwiftRouter-iOS";
			targetProxy = 254B3BA31D3ABC1300B1E4F0 /* PBXContainerItemProxy */;
		};
		254B3BA81D3ABC1E00B1E4F0 /* PBXTargetDependency */ = {
			isa = PBXTargetDependency;
			name = "SSKeychain-iOS";
			targetProxy = 254B3BA71D3ABC1E00B1E4F0 /* PBXContainerItemProxy */;
		};
		62EF0A7B1C700C2300D13711 /* PBXTargetDependency */ = {
			isa = PBXTargetDependency;
			target = 25BB761C1C3CB8CB008EA13B /* SwiftFlowGitHubBrowser */;
			targetProxy = 62EF0A7A1C700C2300D13711 /* PBXContainerItemProxy */;
		};
		7A7A571B1C91D78C00670D38 /* PBXTargetDependency */ = {
			isa = PBXTargetDependency;
			name = ListKit;
			targetProxy = 7A7A571A1C91D78C00670D38 /* PBXContainerItemProxy */;
		};
/* End PBXTargetDependency section */

/* Begin PBXVariantGroup section */
		25BB76241C3CB8CB008EA13B /* Main.storyboard */ = {
			isa = PBXVariantGroup;
			children = (
				25BB76251C3CB8CB008EA13B /* Base */,
			);
			name = Main.storyboard;
			sourceTree = "<group>";
		};
		25BB76291C3CB8CB008EA13B /* LaunchScreen.storyboard */ = {
			isa = PBXVariantGroup;
			children = (
				25BB762A1C3CB8CB008EA13B /* Base */,
			);
			name = LaunchScreen.storyboard;
			sourceTree = "<group>";
		};
/* End PBXVariantGroup section */

/* Begin XCBuildConfiguration section */
		25BB762D1C3CB8CB008EA13B /* Debug */ = {
			isa = XCBuildConfiguration;
			buildSettings = {
				ALWAYS_SEARCH_USER_PATHS = NO;
				CLANG_CXX_LANGUAGE_STANDARD = "gnu++0x";
				CLANG_CXX_LIBRARY = "libc++";
				CLANG_ENABLE_MODULES = YES;
				CLANG_ENABLE_OBJC_ARC = YES;
				CLANG_WARN_BOOL_CONVERSION = YES;
				CLANG_WARN_CONSTANT_CONVERSION = YES;
				CLANG_WARN_DIRECT_OBJC_ISA_USAGE = YES_ERROR;
				CLANG_WARN_EMPTY_BODY = YES;
				CLANG_WARN_ENUM_CONVERSION = YES;
				CLANG_WARN_INT_CONVERSION = YES;
				CLANG_WARN_OBJC_ROOT_CLASS = YES_ERROR;
				CLANG_WARN_UNREACHABLE_CODE = YES;
				CLANG_WARN__DUPLICATE_METHOD_MATCH = YES;
				"CODE_SIGN_IDENTITY[sdk=iphoneos*]" = "iPhone Developer";
				COPY_PHASE_STRIP = NO;
				DEBUG_INFORMATION_FORMAT = dwarf;
				ENABLE_STRICT_OBJC_MSGSEND = YES;
				ENABLE_TESTABILITY = YES;
				GCC_C_LANGUAGE_STANDARD = gnu99;
				GCC_DYNAMIC_NO_PIC = NO;
				GCC_NO_COMMON_BLOCKS = YES;
				GCC_OPTIMIZATION_LEVEL = 0;
				GCC_PREPROCESSOR_DEFINITIONS = (
					"DEBUG=1",
					"$(inherited)",
				);
				GCC_WARN_64_TO_32_BIT_CONVERSION = YES;
				GCC_WARN_ABOUT_RETURN_TYPE = YES_ERROR;
				GCC_WARN_UNDECLARED_SELECTOR = YES;
				GCC_WARN_UNINITIALIZED_AUTOS = YES_AGGRESSIVE;
				GCC_WARN_UNUSED_FUNCTION = YES;
				GCC_WARN_UNUSED_VARIABLE = YES;
				IPHONEOS_DEPLOYMENT_TARGET = 9.2;
				MTL_ENABLE_DEBUG_INFO = YES;
				ONLY_ACTIVE_ARCH = YES;
				SDKROOT = iphoneos;
				SWIFT_OPTIMIZATION_LEVEL = "-Onone";
				TARGETED_DEVICE_FAMILY = "1,2";
			};
			name = Debug;
		};
		25BB762E1C3CB8CB008EA13B /* Release */ = {
			isa = XCBuildConfiguration;
			buildSettings = {
				ALWAYS_SEARCH_USER_PATHS = NO;
				CLANG_CXX_LANGUAGE_STANDARD = "gnu++0x";
				CLANG_CXX_LIBRARY = "libc++";
				CLANG_ENABLE_MODULES = YES;
				CLANG_ENABLE_OBJC_ARC = YES;
				CLANG_WARN_BOOL_CONVERSION = YES;
				CLANG_WARN_CONSTANT_CONVERSION = YES;
				CLANG_WARN_DIRECT_OBJC_ISA_USAGE = YES_ERROR;
				CLANG_WARN_EMPTY_BODY = YES;
				CLANG_WARN_ENUM_CONVERSION = YES;
				CLANG_WARN_INT_CONVERSION = YES;
				CLANG_WARN_OBJC_ROOT_CLASS = YES_ERROR;
				CLANG_WARN_UNREACHABLE_CODE = YES;
				CLANG_WARN__DUPLICATE_METHOD_MATCH = YES;
				"CODE_SIGN_IDENTITY[sdk=iphoneos*]" = "iPhone Developer";
				COPY_PHASE_STRIP = NO;
				DEBUG_INFORMATION_FORMAT = "dwarf-with-dsym";
				ENABLE_NS_ASSERTIONS = NO;
				ENABLE_STRICT_OBJC_MSGSEND = YES;
				GCC_C_LANGUAGE_STANDARD = gnu99;
				GCC_NO_COMMON_BLOCKS = YES;
				GCC_WARN_64_TO_32_BIT_CONVERSION = YES;
				GCC_WARN_ABOUT_RETURN_TYPE = YES_ERROR;
				GCC_WARN_UNDECLARED_SELECTOR = YES;
				GCC_WARN_UNINITIALIZED_AUTOS = YES_AGGRESSIVE;
				GCC_WARN_UNUSED_FUNCTION = YES;
				GCC_WARN_UNUSED_VARIABLE = YES;
				IPHONEOS_DEPLOYMENT_TARGET = 9.2;
				MTL_ENABLE_DEBUG_INFO = NO;
				SDKROOT = iphoneos;
				TARGETED_DEVICE_FAMILY = "1,2";
				VALIDATE_PRODUCT = YES;
			};
			name = Release;
		};
		25BB76301C3CB8CB008EA13B /* Debug */ = {
			isa = XCBuildConfiguration;
			buildSettings = {
				ASSETCATALOG_COMPILER_APPICON_NAME = AppIcon;
				EMBEDDED_CONTENT_CONTAINS_SWIFT = YES;
				FRAMEWORK_SEARCH_PATHS = "$(inherited)";
				INFOPLIST_FILE = SwiftFlowGitHubBrowser/Info.plist;
				IPHONEOS_DEPLOYMENT_TARGET = 9.1;
				LD_RUNPATH_SEARCH_PATHS = "$(inherited) @executable_path/Frameworks";
				PRODUCT_BUNDLE_IDENTIFIER = "Swift-Flow.SwiftFlowGitHubBrowser";
				PRODUCT_NAME = "$(TARGET_NAME)";
			};
			name = Debug;
		};
		25BB76311C3CB8CB008EA13B /* Release */ = {
			isa = XCBuildConfiguration;
			buildSettings = {
				ASSETCATALOG_COMPILER_APPICON_NAME = AppIcon;
				EMBEDDED_CONTENT_CONTAINS_SWIFT = YES;
				FRAMEWORK_SEARCH_PATHS = "$(inherited)";
				INFOPLIST_FILE = SwiftFlowGitHubBrowser/Info.plist;
				IPHONEOS_DEPLOYMENT_TARGET = 9.1;
				LD_RUNPATH_SEARCH_PATHS = "$(inherited) @executable_path/Frameworks";
				PRODUCT_BUNDLE_IDENTIFIER = "Swift-Flow.SwiftFlowGitHubBrowser";
				PRODUCT_NAME = "$(TARGET_NAME)";
			};
			name = Release;
		};
		62EF0A7D1C700C2300D13711 /* Debug */ = {
			isa = XCBuildConfiguration;
			buildSettings = {
				BUNDLE_LOADER = "$(TEST_HOST)";
				CLANG_ENABLE_MODULES = YES;
				FRAMEWORK_SEARCH_PATHS = (
					"$(inherited)",
					"$(PROJECT_DIR)/ReSwiftDev/ReSwiftRouter/Carthage/Checkouts/Nimble/build/Debug-iphoneos",
				);
				INFOPLIST_FILE = SwiftFlowGitHubBrowserTests/Info.plist;
				LD_RUNPATH_SEARCH_PATHS = "$(inherited) @executable_path/Frameworks @loader_path/Frameworks";
				PRODUCT_BUNDLE_IDENTIFIER = "de.benjamin-encz.SwiftFlowGitHubBrowserTests";
				PRODUCT_NAME = "$(TARGET_NAME)";
				SWIFT_OPTIMIZATION_LEVEL = "-Onone";
				TEST_HOST = "$(BUILT_PRODUCTS_DIR)/SwiftFlowGitHubBrowser.app/SwiftFlowGitHubBrowser";
			};
			name = Debug;
		};
		62EF0A7E1C700C2300D13711 /* Release */ = {
			isa = XCBuildConfiguration;
			buildSettings = {
				BUNDLE_LOADER = "$(TEST_HOST)";
				CLANG_ENABLE_MODULES = YES;
				FRAMEWORK_SEARCH_PATHS = (
					"$(inherited)",
					"$(PROJECT_DIR)/ReSwiftDev/ReSwiftRouter/Carthage/Checkouts/Nimble/build/Debug-iphoneos",
				);
				INFOPLIST_FILE = SwiftFlowGitHubBrowserTests/Info.plist;
				LD_RUNPATH_SEARCH_PATHS = "$(inherited) @executable_path/Frameworks @loader_path/Frameworks";
				PRODUCT_BUNDLE_IDENTIFIER = "de.benjamin-encz.SwiftFlowGitHubBrowserTests";
				PRODUCT_NAME = "$(TARGET_NAME)";
				TEST_HOST = "$(BUILT_PRODUCTS_DIR)/SwiftFlowGitHubBrowser.app/SwiftFlowGitHubBrowser";
			};
			name = Release;
		};
/* End XCBuildConfiguration section */

/* Begin XCConfigurationList section */
		25BB76181C3CB8CB008EA13B /* Build configuration list for PBXProject "SwiftFlowGitHubBrowser" */ = {
			isa = XCConfigurationList;
			buildConfigurations = (
				25BB762D1C3CB8CB008EA13B /* Debug */,
				25BB762E1C3CB8CB008EA13B /* Release */,
			);
			defaultConfigurationIsVisible = 0;
			defaultConfigurationName = Release;
		};
		25BB762F1C3CB8CB008EA13B /* Build configuration list for PBXNativeTarget "SwiftFlowGitHubBrowser" */ = {
			isa = XCConfigurationList;
			buildConfigurations = (
				25BB76301C3CB8CB008EA13B /* Debug */,
				25BB76311C3CB8CB008EA13B /* Release */,
			);
			defaultConfigurationIsVisible = 0;
			defaultConfigurationName = Release;
		};
		62EF0A7C1C700C2300D13711 /* Build configuration list for PBXNativeTarget "SwiftFlowGitHubBrowserTests" */ = {
			isa = XCConfigurationList;
			buildConfigurations = (
				62EF0A7D1C700C2300D13711 /* Debug */,
				62EF0A7E1C700C2300D13711 /* Release */,
			);
			defaultConfigurationIsVisible = 0;
			defaultConfigurationName = Release;
		};
/* End XCConfigurationList section */
	};
	rootObject = 25BB76151C3CB8CB008EA13B /* Project object */;
}
